// !$*UTF8*$!
{
	archiveVersion = 1;
	classes = {
	};
	objectVersion = 46;
	objects = {
		E418ECAAFD4F21D6CCFA13CC = {
			isa = PBXBuildFile;
			fileRef = 2EF88E910766FC3BBDC18E90;
		};
		29CE450361D92CE1377C8C21 = {
			isa = PBXBuildFile;
			fileRef = ECFBFBA009B887316246F6EA;
		};
		307E75EE239260EFB030E59F = {
			isa = PBXBuildFile;
			fileRef = 0D6888B9CD115DD56D15CD42;
		};
		6D01EAC0280C689090D9595E = {
			isa = PBXBuildFile;
			fileRef = 36F3FD5695B891B1C92AED76;
		};
		92A743B6FA96800026D580DA = {
			isa = PBXBuildFile;
			fileRef = 3E1784CE6F6C919BC1BC5F49;
		};
		5A96634D12DEEAF9004B8143 = {
			isa = PBXBuildFile;
			fileRef = 019A5B348FD62142375A9559;
		};
		9F162C18170590B7083FDDDF = {
			isa = PBXBuildFile;
			fileRef = 795C8035F56A5F0F3B49D3E6;
		};
		3ECC84C006DC71454367B035 = {
			isa = PBXBuildFile;
			fileRef = 55C2D1EA189B62C5ED57AC9B;
		};
		21B28B42A23E6F9A481950BF = {
			isa = PBXBuildFile;
			fileRef = 14829923B8253FDE2DA146C5;
		};
		F7CC43D9A34BBE0494386E41 = {
			isa = PBXBuildFile;
			fileRef = 113E9E78FFE0FB1ECB18044A;
		};
		551A7B5B4D1895007B99CE1A = {
			isa = PBXBuildFile;
			fileRef = 64923D74B6E2923CD3E78E9D;
		};
		AB8FC0A1BB0EF49596483025 = {
			isa = PBXBuildFile;
			fileRef = BDCFB03B8940EBFDAE296408;
		};
		B3FCD2B4016FBEC1B2804896 = {
			isa = PBXBuildFile;
			fileRef = CB9E2D2FA44037AB776C8C29;
		};
		DEC43E4B13602B57600E52A6 = {
			isa = PBXBuildFile;
			fileRef = 252F212103EFD259E9E9D2EE;
		};
		63F83087E461D5A5F7B5A8E3 = {
			isa = PBXBuildFile;
			fileRef = 73C104AF95A573188E4A748C;
		};
		E3DDF392CF48A77C5F865808 = {
			isa = PBXBuildFile;
			fileRef = 5F6FF55DDD6264CE85678854;
		};
		BFB0F953B17410E8CB6E8CE6 = {
			isa = PBXBuildFile;
			fileRef = 721D4F5142B5E85F6B3624E2;
		};
		5C895A08D32E5CBC1B3881C0 = {
			isa = PBXBuildFile;
			fileRef = 5334CBA63362A5225648CA17;
		};
		8C5C5AD32A9CCA125B606FEA = {
			isa = PBXBuildFile;
			fileRef = 09A4F6AC268199EC323EACAB;
		};
		A74B715862F557A4519BD9AA = {
			isa = PBXBuildFile;
			fileRef = 0B4A685FE62D4DE19544EFF7;
		};
		992BD9F823A0AA94772C2753 = {
			isa = PBXBuildFile;
			fileRef = 8E2955FE596CD3AF0346A768;
		};
		9BD4A01BB3D8FC9ABBB0CCE4 = {
			isa = PBXBuildFile;
			fileRef = C1E5DCECB17F8E6A306E09F3;
		};
		2C448DCB26EDC56416604528 = {
			isa = PBXBuildFile;
			fileRef = 868B64534A989EE8676DAE55;
		};
		981E6C130AC00BD13FAF7D16 = {
			isa = PBXBuildFile;
			fileRef = 057DD1E9347A88AFDEE47E6E;
		};
		09DAD4D86CE6EF0701DBAD68 = {
			isa = PBXBuildFile;
			fileRef = 970D87FEAE943B3E1360B1A3;
		};
		5856E5A792781C48DD905817 = {
			isa = PBXBuildFile;
			fileRef = DAE62819244EB97C949D1A79;
		};
		C19795D8DE73D02BE646D838 = {
			isa = PBXBuildFile;
			fileRef = 80318421821490DC4E63431E;
		};
		515C5E62D631C816E24B6221 = {
			isa = PBXBuildFile;
			fileRef = BFA1BF89EC3AF5079EEE1185;
		};
		72569D88E358F32AABD924E4 = {
			isa = PBXBuildFile;
			fileRef = DC40DD944F2CA8C2A0CE8F0E;
		};
		71B722C330F538C33FE1157D = {
			isa = PBXBuildFile;
			fileRef = 2434381CE8A4263769A4E16B;
		};
		6692B124137B17764B00129D = {
			isa = PBXBuildFile;
			fileRef = FD5A59FD71BB01F6EEAB3104;
		};
		BB8EC50DAE8C7203B929994A = {
			isa = PBXBuildFile;
			fileRef = 94EFDFE662F4F4D7A6C80E57;
		};
		67B2AD7696DB115CE7078829 = {
			isa = PBXBuildFile;
			fileRef = 0FB2E15172A25C5B20786F94;
		};
		35DABA089FC402FECB90866F = {
			isa = PBXBuildFile;
			fileRef = 1079B2012FDB527890FB2A57;
		};
		4850FF86CA19D9C0AF0FB6CB = {
			isa = PBXBuildFile;
			fileRef = E4A23310DA8E9C706C6E04B4;
		};
		C9FFD2BDC0E90A78474FF78F = {
			isa = PBXBuildFile;
			fileRef = 386451A98583BABD3FF990D7;
		};
		193F69967280FAB51941C6B9 = {
			isa = PBXBuildFile;
			fileRef = ADFDD5354F5BCC71C6F89D0B;
		};
		364533B0205AA0D039960D66 = {
			isa = PBXBuildFile;
			fileRef = BF674ABF428FA041A4E2C5EA;
		};
		F32C485CB2638A73E7FA894A = {
			isa = PBXBuildFile;
			fileRef = B9DE8D5A54BBCE3325B04AD8;
		};
		88B85C05934E0C35B5FAFDCC = {
			isa = PBXBuildFile;
			fileRef = D71BB1D90ABD95A2699871E2;
		};
		52B0D8AD8C51E1F0626D4EDF = {
			isa = PBXBuildFile;
			fileRef = 6278DFC4F496F75CF69473C4;
		};
		7CFE7CFE2792B4DC4095369A = {
			isa = PBXBuildFile;
			fileRef = A11D82AC5B042DF8B0A6C06A;
		};
		D3CFB85E48A3B9E2BA240491 = {
			isa = PBXBuildFile;
			fileRef = 8B76DFEA2381C3CAEE313002;
		};
		0C9D4BE637944E65C51F4FDC = {
			isa = PBXBuildFile;
			fileRef = 5A5153AE7AEDB5F1D6797331;
		};
		019A5B348FD62142375A9559 = {
			isa = PBXFileReference;
			lastKnownFileType = wrapper.framework;
			name = Accelerate.framework;
			path = System/Library/Frameworks/Accelerate.framework;
			sourceTree = SDKROOT;
		};
		057DD1E9347A88AFDEE47E6E = {
			isa = PBXFileReference;
			lastKnownFileType = sourcecode.cpp.objcpp;
			name = "include_juce_audio_basics.mm";
			path = "../../JuceLibraryCode/include_juce_audio_basics.mm";
			sourceTree = "SOURCE_ROOT";
		};
		09A4F6AC268199EC323EACAB = {
			isa = PBXFileReference;
			lastKnownFileType = sourcecode.cpp.cpp;
			name = ConnectedAnimation.cpp;
			path = "../../Source/GUI Classes/ConnectedAnimation.cpp";
			sourceTree = "SOURCE_ROOT";
		};
		0B4A685FE62D4DE19544EFF7 = {
			isa = PBXFileReference;
			lastKnownFileType = sourcecode.cpp.cpp;
			name = OSCListBoxClass.cpp;
			path = "../../Source/GUI Classes/OSCListBoxClass.cpp";
			sourceTree = "SOURCE_ROOT";
		};
		0FB2E15172A25C5B20786F94 = {
			isa = PBXFileReference;
			lastKnownFileType = sourcecode.cpp.cpp;
			name = "include_juce_audio_plugin_client_VST3.cpp";
			path = "../../JuceLibraryCode/include_juce_audio_plugin_client_VST3.cpp";
			sourceTree = "SOURCE_ROOT";
		};
		1079B2012FDB527890FB2A57 = {
			isa = PBXFileReference;
			lastKnownFileType = sourcecode.cpp.objcpp;
			name = "include_juce_audio_processors.mm";
			path = "../../JuceLibraryCode/include_juce_audio_processors.mm";
			sourceTree = "SOURCE_ROOT";
		};
		14829923B8253FDE2DA146C5 = {
			isa = PBXFileReference;
			lastKnownFileType = wrapper.framework;
			name = Cocoa.framework;
			path = System/Library/Frameworks/Cocoa.framework;
			sourceTree = SDKROOT;
		};
		2434381CE8A4263769A4E16B = {
			isa = PBXFileReference;
			lastKnownFileType = sourcecode.cpp.cpp;
			name = "include_juce_audio_plugin_client_Standalone.cpp";
			path = "../../JuceLibraryCode/include_juce_audio_plugin_client_Standalone.cpp";
			sourceTree = "SOURCE_ROOT";
		};
		252F212103EFD259E9E9D2EE = {
			isa = PBXFileReference;
			lastKnownFileType = wrapper.framework;
			name = IOKit.framework;
			path = System/Library/Frameworks/IOKit.framework;
			sourceTree = SDKROOT;
		};
		2D11DAAE9BDCB4B8BAF1E804 = {
			isa = PBXFileReference;
			lastKnownFileType = file;
			name = "juce_audio_utils";
			path = "/Users/christiansager/Documents/JUCE/modules/juce_audio_utils";
			sourceTree = "<absolute>";
		};
		2EF88E910766FC3BBDC18E90 = {
			isa = PBXFileReference;
			explicitFileType = wrapper.cfbundle;
			includeInIndex = 0;
			path = "klanghabitat connector.vst3";
			sourceTree = "BUILT_PRODUCTS_DIR";
		};
		ECFBFBA009B887316246F6EA = {
			isa = PBXFileReference;
			explicitFileType = wrapper.cfbundle;
			includeInIndex = 0;
			path = "klanghabitat connector.component";
			sourceTree = "BUILT_PRODUCTS_DIR";
		};
		0D6888B9CD115DD56D15CD42 = {
			isa = PBXFileReference;
			explicitFileType = wrapper.application;
			includeInIndex = 0;
			path = "klanghabitat connector.app";
			sourceTree = "BUILT_PRODUCTS_DIR";
		};
		113E9E78FFE0FB1ECB18044A = {
			isa = PBXFileReference;
			lastKnownFileType = wrapper.framework;
			name = CoreAudio.framework;
			path = System/Library/Frameworks/CoreAudio.framework;
			sourceTree = SDKROOT;
		};
		2C8A98BE51A6A5E60DBFDDFE = {
			isa = PBXFileReference;
			lastKnownFileType = file;
			name = "juce_core";
			path = "/Users/christiansager/Documents/JUCE/modules/juce_core";
			sourceTree = "<absolute>";
		};
		2D0007C49760050FE00110F2 = {
			isa = PBXFileReference;
			lastKnownFileType = file;
			name = "juce_gui_basics";
			path = "/Users/christiansager/Documents/JUCE/modules/juce_gui_basics";
			sourceTree = "<absolute>";
		};
		36F3FD5695B891B1C92AED76 = {
			isa = PBXFileReference;
			explicitFileType = archive.ar;
			includeInIndex = 0;
			path = "libklanghabitat connector.a";
			sourceTree = "BUILT_PRODUCTS_DIR";
		};
		386451A98583BABD3FF990D7 = {
			isa = PBXFileReference;
			lastKnownFileType = sourcecode.cpp.objcpp;
			name = "include_juce_core.mm";
			path = "../../JuceLibraryCode/include_juce_core.mm";
			sourceTree = "SOURCE_ROOT";
		};
		3E1784CE6F6C919BC1BC5F49 = {
			isa = PBXFileReference;
			lastKnownFileType = wrapper.framework;
			name = AudioUnit.framework;
			path = System/Library/Frameworks/AudioUnit.framework;
			sourceTree = SDKROOT;
		};
		49B5F35DE8550773F885F093 = {
			isa = PBXFileReference;
			lastKnownFileType = file;
			name = "juce_audio_plugin_client";
			path = "/Users/christiansager/Documents/JUCE/modules/juce_audio_plugin_client";
			sourceTree = "<absolute>";
		};
		4EC9F415AA624B960336A6FA = {
			isa = PBXFileReference;
			lastKnownFileType = file;
			name = "juce_gui_extra";
			path = "/Users/christiansager/Documents/JUCE/modules/juce_gui_extra";
			sourceTree = "<absolute>";
		};
		5334CBA63362A5225648CA17 = {
			isa = PBXFileReference;
			lastKnownFileType = file.nib;
			name = RecentFilesMenuTemplate.nib;
			path = RecentFilesMenuTemplate.nib;
			sourceTree = "SOURCE_ROOT";
		};
		54B00B79C5BAE8346CA91D72 = {
			isa = PBXFileReference;
			lastKnownFileType = file;
			name = "juce_opengl";
			path = "/Users/christiansager/Documents/JUCE/modules/juce_opengl";
			sourceTree = "<absolute>";
		};
		55C2D1EA189B62C5ED57AC9B = {
			isa = PBXFileReference;
			lastKnownFileType = wrapper.framework;
			name = Carbon.framework;
			path = System/Library/Frameworks/Carbon.framework;
			sourceTree = SDKROOT;
		};
		591A98A2513569E84486E452 = {
			isa = PBXFileReference;
			lastKnownFileType = file;
			name = "juce_audio_formats";
			path = "/Users/christiansager/Documents/JUCE/modules/juce_audio_formats";
			sourceTree = "<absolute>";
		};
		5A5153AE7AEDB5F1D6797331 = {
			isa = PBXFileReference;
			lastKnownFileType = sourcecode.cpp.cpp;
			name = "include_juce_osc.cpp";
			path = "../../JuceLibraryCode/include_juce_osc.cpp";
			sourceTree = "SOURCE_ROOT";
		};
		5F6FF55DDD6264CE85678854 = {
			isa = PBXFileReference;
			lastKnownFileType = wrapper.framework;
			name = QuartzCore.framework;
			path = System/Library/Frameworks/QuartzCore.framework;
			sourceTree = SDKROOT;
		};
		609E42571C8EFD65E252C6A1 = {
			isa = PBXFileReference;
			lastKnownFileType = sourcecode.c.h;
			name = OSCListBoxClass.h;
			path = "../../Source/GUI Classes/OSCListBoxClass.h";
			sourceTree = "SOURCE_ROOT";
		};
		6278DFC4F496F75CF69473C4 = {
			isa = PBXFileReference;
			lastKnownFileType = sourcecode.cpp.objcpp;
			name = "include_juce_gui_basics.mm";
			path = "../../JuceLibraryCode/include_juce_gui_basics.mm";
			sourceTree = "SOURCE_ROOT";
		};
		64923D74B6E2923CD3E78E9D = {
			isa = PBXFileReference;
			lastKnownFileType = wrapper.framework;
			name = CoreAudioKit.framework;
			path = System/Library/Frameworks/CoreAudioKit.framework;
			sourceTree = SDKROOT;
		};
		721D4F5142B5E85F6B3624E2 = {
			isa = PBXFileReference;
			lastKnownFileType = wrapper.framework;
			name = WebKit.framework;
			path = System/Library/Frameworks/WebKit.framework;
			sourceTree = SDKROOT;
		};
		7309CFEAACB151F2E377AAEE = {
			isa = PBXFileReference;
			lastKnownFileType = file;
			name = "juce_audio_basics";
			path = "/Users/christiansager/Documents/JUCE/modules/juce_audio_basics";
			sourceTree = "<absolute>";
		};
		73C104AF95A573188E4A748C = {
			isa = PBXFileReference;
			lastKnownFileType = wrapper.framework;
			name = OpenGL.framework;
			path = System/Library/Frameworks/OpenGL.framework;
			sourceTree = SDKROOT;
		};
		795C8035F56A5F0F3B49D3E6 = {
			isa = PBXFileReference;
			lastKnownFileType = wrapper.framework;
			name = AudioToolbox.framework;
			path = System/Library/Frameworks/AudioToolbox.framework;
			sourceTree = SDKROOT;
		};
		80318421821490DC4E63431E = {
			isa = PBXFileReference;
			lastKnownFileType = file.r;
			name = "include_juce_audio_plugin_client_AU.r";
			path = "../../JuceLibraryCode/include_juce_audio_plugin_client_AU.r";
			sourceTree = "SOURCE_ROOT";
		};
		85A0649005F04BF764F2F679 = {
			isa = PBXFileReference;
			lastKnownFileType = file;
			name = "juce_osc";
			path = "/Users/christiansager/Documents/JUCE/modules/juce_osc";
			sourceTree = "<absolute>";
		};
		868B64534A989EE8676DAE55 = {
			isa = PBXFileReference;
			lastKnownFileType = sourcecode.cpp.cpp;
			name = PluginEditor.cpp;
			path = ../../Source/PluginEditor.cpp;
			sourceTree = "SOURCE_ROOT";
		};
		8B76DFEA2381C3CAEE313002 = {
			isa = PBXFileReference;
			lastKnownFileType = sourcecode.cpp.objcpp;
			name = "include_juce_opengl.mm";
			path = "../../JuceLibraryCode/include_juce_opengl.mm";
			sourceTree = "SOURCE_ROOT";
		};
		8E2955FE596CD3AF0346A768 = {
			isa = PBXFileReference;
			lastKnownFileType = sourcecode.cpp.cpp;
			name = WaveForm.cpp;
			path = "../../Source/GUI Classes/WaveForm.cpp";
			sourceTree = "SOURCE_ROOT";
		};
		90AE2567C353ACB97350622D = {
			isa = PBXFileReference;
			lastKnownFileType = file;
			name = "juce_audio_processors";
			path = "/Users/christiansager/Documents/JUCE/modules/juce_audio_processors";
			sourceTree = "<absolute>";
		};
		94EFDFE662F4F4D7A6C80E57 = {
			isa = PBXFileReference;
			lastKnownFileType = sourcecode.cpp.objcpp;
			name = "include_juce_audio_plugin_client_VST_utils.mm";
			path = "../../JuceLibraryCode/include_juce_audio_plugin_client_VST_utils.mm";
			sourceTree = "SOURCE_ROOT";
		};
		952C35B1A24664BB898E8123 = {
			isa = PBXFileReference;
			lastKnownFileType = sourcecode.c.h;
			name = JuceHeader.h;
			path = ../../JuceLibraryCode/JuceHeader.h;
			sourceTree = "SOURCE_ROOT";
		};
		970D87FEAE943B3E1360B1A3 = {
			isa = PBXFileReference;
			lastKnownFileType = sourcecode.cpp.objcpp;
			name = "include_juce_audio_devices.mm";
			path = "../../JuceLibraryCode/include_juce_audio_devices.mm";
			sourceTree = "SOURCE_ROOT";
		};
		A11D82AC5B042DF8B0A6C06A = {
			isa = PBXFileReference;
			lastKnownFileType = sourcecode.cpp.objcpp;
			name = "include_juce_gui_extra.mm";
			path = "../../JuceLibraryCode/include_juce_gui_extra.mm";
			sourceTree = "SOURCE_ROOT";
		};
		A393F2B3B7A3C8519427E08E = {
			isa = PBXFileReference;
			lastKnownFileType = file;
			name = "juce_audio_devices";
			path = "/Users/christiansager/Documents/JUCE/modules/juce_audio_devices";
			sourceTree = "<absolute>";
		};
		A70BC3C20BFDAF7B1FB67A02 = {
			isa = PBXFileReference;
			lastKnownFileType = file;
			name = "juce_graphics";
			path = "/Users/christiansager/Documents/JUCE/modules/juce_graphics";
			sourceTree = "<absolute>";
		};
		AD601E3FDCCB4DF144A4B4FD = {
			isa = PBXFileReference;
			lastKnownFileType = text.plist.xml;
			name = "Info-VST3.plist";
			path = "Info-VST3.plist";
			sourceTree = "SOURCE_ROOT";
		};
		ADFDD5354F5BCC71C6F89D0B = {
			isa = PBXFileReference;
			lastKnownFileType = sourcecode.cpp.objcpp;
			name = "include_juce_cryptography.mm";
			path = "../../JuceLibraryCode/include_juce_cryptography.mm";
			sourceTree = "SOURCE_ROOT";
		};
		B0EC380DA10BA5CAF8D39770 = {
			isa = PBXFileReference;
			lastKnownFileType = text.plist.xml;
			name = "Info-AU.plist";
			path = "Info-AU.plist";
			sourceTree = "SOURCE_ROOT";
		};
		B379D5E7E1C6A037F7870131 = {
			isa = PBXFileReference;
			lastKnownFileType = sourcecode.c.h;
			name = PluginEditor.h;
			path = ../../Source/PluginEditor.h;
			sourceTree = "SOURCE_ROOT";
		};
		B57483CB30FA3B438ADC830A = {
			isa = PBXFileReference;
			lastKnownFileType = file;
			name = "juce_data_structures";
			path = "/Users/christiansager/Documents/JUCE/modules/juce_data_structures";
			sourceTree = "<absolute>";
		};
		B9DE8D5A54BBCE3325B04AD8 = {
			isa = PBXFileReference;
			lastKnownFileType = sourcecode.cpp.objcpp;
			name = "include_juce_events.mm";
			path = "../../JuceLibraryCode/include_juce_events.mm";
			sourceTree = "SOURCE_ROOT";
		};
		BDCFB03B8940EBFDAE296408 = {
			isa = PBXFileReference;
			lastKnownFileType = wrapper.framework;
			name = CoreMIDI.framework;
			path = System/Library/Frameworks/CoreMIDI.framework;
			sourceTree = SDKROOT;
		};
		BF674ABF428FA041A4E2C5EA = {
			isa = PBXFileReference;
			lastKnownFileType = sourcecode.cpp.objcpp;
			name = "include_juce_data_structures.mm";
			path = "../../JuceLibraryCode/include_juce_data_structures.mm";
			sourceTree = "SOURCE_ROOT";
		};
		BFA1BF89EC3AF5079EEE1185 = {
			isa = PBXFileReference;
			lastKnownFileType = sourcecode.cpp.objcpp;
			name = "include_juce_audio_plugin_client_AU_1.mm";
			path = "../../JuceLibraryCode/include_juce_audio_plugin_client_AU_1.mm";
			sourceTree = "SOURCE_ROOT";
		};
		C1E5DCECB17F8E6A306E09F3 = {
			isa = PBXFileReference;
			lastKnownFileType = sourcecode.cpp.cpp;
			name = PluginProcessor.cpp;
			path = ../../Source/PluginProcessor.cpp;
			sourceTree = "SOURCE_ROOT";
		};
		C8E921D26F967DF3D5E224B1 = {
			isa = PBXFileReference;
			lastKnownFileType = text.plist.xml;
			name = "Info-Standalone_Plugin.plist";
			path = "Info-Standalone_Plugin.plist";
			sourceTree = "SOURCE_ROOT";
		};
		CB9E2D2FA44037AB776C8C29 = {
			isa = PBXFileReference;
			lastKnownFileType = wrapper.framework;
			name = DiscRecording.framework;
			path = System/Library/Frameworks/DiscRecording.framework;
			sourceTree = SDKROOT;
		};
		D0167E3F71F9B500295C075C = {
			isa = PBXFileReference;
			lastKnownFileType = file;
			name = "juce_cryptography";
			path = "/Users/christiansager/Documents/JUCE/modules/juce_cryptography";
			sourceTree = "<absolute>";
		};
		D71BB1D90ABD95A2699871E2 = {
			isa = PBXFileReference;
			lastKnownFileType = sourcecode.cpp.objcpp;
			name = "include_juce_graphics.mm";
			path = "../../JuceLibraryCode/include_juce_graphics.mm";
			sourceTree = "SOURCE_ROOT";
		};
		DAE62819244EB97C949D1A79 = {
			isa = PBXFileReference;
			lastKnownFileType = sourcecode.cpp.objcpp;
			name = "include_juce_audio_formats.mm";
			path = "../../JuceLibraryCode/include_juce_audio_formats.mm";
			sourceTree = "SOURCE_ROOT";
		};
		DC40DD944F2CA8C2A0CE8F0E = {
			isa = PBXFileReference;
			lastKnownFileType = sourcecode.cpp.objcpp;
			name = "include_juce_audio_plugin_client_AU_2.mm";
			path = "../../JuceLibraryCode/include_juce_audio_plugin_client_AU_2.mm";
			sourceTree = "SOURCE_ROOT";
		};
		E1D9357C04C2A00EFBE74349 = {
			isa = PBXFileReference;
			lastKnownFileType = sourcecode.c.h;
			name = PluginProcessor.h;
			path = ../../Source/PluginProcessor.h;
			sourceTree = "SOURCE_ROOT";
		};
		E24E945B60059E6BE959A26B = {
			isa = PBXFileReference;
			lastKnownFileType = sourcecode.c.h;
			name = ConnectedAnimation.h;
			path = "../../Source/GUI Classes/ConnectedAnimation.h";
			sourceTree = "SOURCE_ROOT";
		};
		E4A23310DA8E9C706C6E04B4 = {
			isa = PBXFileReference;
			lastKnownFileType = sourcecode.cpp.objcpp;
			name = "include_juce_audio_utils.mm";
			path = "../../JuceLibraryCode/include_juce_audio_utils.mm";
			sourceTree = "SOURCE_ROOT";
		};
		F2B39BCA89F9A04E6FF565D4 = {
			isa = PBXFileReference;
			lastKnownFileType = file;
			name = "juce_events";
			path = "/Users/christiansager/Documents/JUCE/modules/juce_events";
			sourceTree = "<absolute>";
		};
		F359944F29064133DBBC0449 = {
			isa = PBXFileReference;
			lastKnownFileType = sourcecode.c.h;
			name = AppConfig.h;
			path = ../../JuceLibraryCode/AppConfig.h;
			sourceTree = "SOURCE_ROOT";
		};
		FBC793B51053D7977986BCF0 = {
			isa = PBXFileReference;
			lastKnownFileType = sourcecode.c.h;
			name = WaveForm.h;
			path = "../../Source/GUI Classes/WaveForm.h";
			sourceTree = "SOURCE_ROOT";
		};
		FD5A59FD71BB01F6EEAB3104 = {
			isa = PBXFileReference;
			lastKnownFileType = sourcecode.cpp.cpp;
			name = "include_juce_audio_plugin_client_utils.cpp";
			path = "../../JuceLibraryCode/include_juce_audio_plugin_client_utils.cpp";
			sourceTree = "SOURCE_ROOT";
		};
		C5DC4333039125FF329CD2AF = {
			isa = PBXGroup;
			children = (
				09A4F6AC268199EC323EACAB,
				E24E945B60059E6BE959A26B,
				0B4A685FE62D4DE19544EFF7,
				609E42571C8EFD65E252C6A1,
				8E2955FE596CD3AF0346A768,
				FBC793B51053D7977986BCF0,
			);
			name = "GUI Classes";
			sourceTree = "<group>";
		};
		3DB5F326B09B452E358888AE = {
			isa = PBXGroup;
			children = (
				C5DC4333039125FF329CD2AF,
				C1E5DCECB17F8E6A306E09F3,
				E1D9357C04C2A00EFBE74349,
				868B64534A989EE8676DAE55,
				B379D5E7E1C6A037F7870131,
			);
			name = Source;
			sourceTree = "<group>";
		};
		7629D5746E94FCA835A909C1 = {
			isa = PBXGroup;
			children = (
				3DB5F326B09B452E358888AE,
			);
			name = "klanghabitat connector";
			sourceTree = "<group>";
		};
		5C8AA6FD897F66E4C7C298BC = {
			isa = PBXGroup;
			children = (
				7309CFEAACB151F2E377AAEE,
				A393F2B3B7A3C8519427E08E,
				591A98A2513569E84486E452,
				49B5F35DE8550773F885F093,
				90AE2567C353ACB97350622D,
				2D11DAAE9BDCB4B8BAF1E804,
				2C8A98BE51A6A5E60DBFDDFE,
				D0167E3F71F9B500295C075C,
				B57483CB30FA3B438ADC830A,
				F2B39BCA89F9A04E6FF565D4,
				A70BC3C20BFDAF7B1FB67A02,
				2D0007C49760050FE00110F2,
				4EC9F415AA624B960336A6FA,
				54B00B79C5BAE8346CA91D72,
				85A0649005F04BF764F2F679,
			);
			name = "JUCE Modules";
			sourceTree = "<group>";
		};
		89CB7BF2D911A0C8F2924B09 = {
			isa = PBXGroup;
			children = (
				F359944F29064133DBBC0449,
				057DD1E9347A88AFDEE47E6E,
				970D87FEAE943B3E1360B1A3,
				DAE62819244EB97C949D1A79,
				80318421821490DC4E63431E,
				BFA1BF89EC3AF5079EEE1185,
				DC40DD944F2CA8C2A0CE8F0E,
				2434381CE8A4263769A4E16B,
				FD5A59FD71BB01F6EEAB3104,
				94EFDFE662F4F4D7A6C80E57,
				0FB2E15172A25C5B20786F94,
				1079B2012FDB527890FB2A57,
				E4A23310DA8E9C706C6E04B4,
				386451A98583BABD3FF990D7,
				ADFDD5354F5BCC71C6F89D0B,
				BF674ABF428FA041A4E2C5EA,
				B9DE8D5A54BBCE3325B04AD8,
				D71BB1D90ABD95A2699871E2,
				6278DFC4F496F75CF69473C4,
				A11D82AC5B042DF8B0A6C06A,
				8B76DFEA2381C3CAEE313002,
				5A5153AE7AEDB5F1D6797331,
				952C35B1A24664BB898E8123,
			);
			name = "JUCE Library Code";
			sourceTree = "<group>";
		};
		11FB030F48E58464F80D9BA6 = {
			isa = PBXGroup;
			children = (
				AD601E3FDCCB4DF144A4B4FD,
				B0EC380DA10BA5CAF8D39770,
				C8E921D26F967DF3D5E224B1,
				5334CBA63362A5225648CA17,
			);
			name = Resources;
			sourceTree = "<group>";
		};
		D96525DA955D134C380F2EFB = {
			isa = PBXGroup;
			children = (
				3E1784CE6F6C919BC1BC5F49,
				019A5B348FD62142375A9559,
				795C8035F56A5F0F3B49D3E6,
				55C2D1EA189B62C5ED57AC9B,
				14829923B8253FDE2DA146C5,
				113E9E78FFE0FB1ECB18044A,
				64923D74B6E2923CD3E78E9D,
				BDCFB03B8940EBFDAE296408,
				CB9E2D2FA44037AB776C8C29,
				252F212103EFD259E9E9D2EE,
				73C104AF95A573188E4A748C,
				5F6FF55DDD6264CE85678854,
				721D4F5142B5E85F6B3624E2,
			);
			name = Frameworks;
			sourceTree = "<group>";
		};
		7BFED26E5BC113A0461FD4AB = {
			isa = PBXGroup;
			children = (
				2EF88E910766FC3BBDC18E90,
				ECFBFBA009B887316246F6EA,
				0D6888B9CD115DD56D15CD42,
				36F3FD5695B891B1C92AED76,
			);
			name = Products;
			sourceTree = "<group>";
		};
		D0EEC797BE86CAEE11BA65B0 = {
			isa = PBXGroup;
			children = (
				7629D5746E94FCA835A909C1,
				5C8AA6FD897F66E4C7C298BC,
				89CB7BF2D911A0C8F2924B09,
				11FB030F48E58464F80D9BA6,
				D96525DA955D134C380F2EFB,
				7BFED26E5BC113A0461FD4AB,
			);
			name = Source;
			sourceTree = "<group>";
		};
		178022EA087AAD06E5818BC2 = {
			isa = XCBuildConfiguration;
			buildSettings = {
				MACOSX_DEPLOYMENT_TARGET = 10.11;
				SDKROOT = macosx;
			};
			name = Debug;
		};
		D9B0955F5CB0270A6EB2DE9C = {
			isa = XCBuildConfiguration;
			buildSettings = {
				MACOSX_DEPLOYMENT_TARGET = 10.11;
				SDKROOT = macosx;
			};
			name = Release;
		};
		ACD9327FA85D7C5991C5C7DE = {
			isa = XCBuildConfiguration;
			buildSettings = {
				CLANG_CXX_LANGUAGE_STANDARD = "c++14";
				CLANG_CXX_LIBRARY = "libc++";
				CLANG_LINK_OBJC_RUNTIME = NO;
				CODE_SIGN_IDENTITY = "";
				COMBINE_HIDPI_IMAGES = YES;
				CONFIGURATION_BUILD_DIR = "$(PROJECT_DIR)/build/$(CONFIGURATION)";
				COPY_PHASE_STRIP = NO;
				DEPLOYMENT_LOCATION = YES;
				DSTROOT = /;
				GCC_DYNAMIC_NO_PIC = NO;
				GCC_OPTIMIZATION_LEVEL = 0;
				GCC_PREPROCESSOR_DEFINITIONS = (
					"_DEBUG=1",
					"DEBUG=1",
					"JUCER_XCODE_MAC_F6D2F4CF=1",
					"JUCE_APP_VERSION=1.0.0",
					"JUCE_APP_VERSION_HEX=0x10000",
					"JucePlugin_Build_VST=0",
					"JucePlugin_Build_VST3=1",
					"JucePlugin_Build_AU=0",
					"JucePlugin_Build_AUv3=0",
					"JucePlugin_Build_RTAS=0",
					"JucePlugin_Build_AAX=0",
					"JucePlugin_Build_Standalone=0",
					"JucePlugin_Build_Unity=0",
				);
				GCC_VERSION = com.apple.compilers.llvm.clang.1_0;
				GENERATE_PKGINFO_FILE = YES;
				HEADER_SEARCH_PATHS = (
					"../../../../../../../SDK/VST_SDK/VST3_SDK",
					"../../JuceLibraryCode",
					"/Users/christiansager/Documents/JUCE/modules",
					"/Users/christiansager/Documents/JUCE/modules/juce_audio_plugin_client",
					"$(inherited)",
				);
				INFOPLIST_FILE = Info-VST3.plist;
				INFOPLIST_PREPROCESS = NO;
				INSTALL_PATH = "$(HOME)/Library/Audio/Plug-Ins/VST3/";
				LIBRARY_STYLE = Bundle;
				MACOSX_DEPLOYMENT_TARGET = 10.11;
				OTHER_LDFLAGS = "-bundle -lklanghabitat\\ connector";
				PRODUCT_BUNDLE_IDENTIFIER = com.klanghabitat.klanghabitatconnector;
				PRODUCT_NAME = "klanghabitat connector";
				USE_HEADERMAP = NO;
				WRAPPER_EXTENSION = vst3;
			};
			name = Debug;
		};
		DAF597A99E90928995331C99 = {
			isa = XCBuildConfiguration;
			buildSettings = {
				CLANG_CXX_LANGUAGE_STANDARD = "c++14";
				CLANG_CXX_LIBRARY = "libc++";
				CLANG_LINK_OBJC_RUNTIME = NO;
				CODE_SIGN_IDENTITY = "";
				COMBINE_HIDPI_IMAGES = YES;
				CONFIGURATION_BUILD_DIR = "$(PROJECT_DIR)/build/$(CONFIGURATION)";
				DEAD_CODE_STRIPPING = YES;
				DEPLOYMENT_LOCATION = YES;
				DSTROOT = /;
				GCC_GENERATE_DEBUGGING_SYMBOLS = NO;
				GCC_OPTIMIZATION_LEVEL = 3;
				GCC_PREPROCESSOR_DEFINITIONS = (
					"_NDEBUG=1",
					"NDEBUG=1",
					"JUCER_XCODE_MAC_F6D2F4CF=1",
					"JUCE_APP_VERSION=1.0.0",
					"JUCE_APP_VERSION_HEX=0x10000",
					"JucePlugin_Build_VST=0",
					"JucePlugin_Build_VST3=1",
					"JucePlugin_Build_AU=0",
					"JucePlugin_Build_AUv3=0",
					"JucePlugin_Build_RTAS=0",
					"JucePlugin_Build_AAX=0",
					"JucePlugin_Build_Standalone=0",
					"JucePlugin_Build_Unity=0",
				);
				GCC_SYMBOLS_PRIVATE_EXTERN = YES;
				GCC_VERSION = com.apple.compilers.llvm.clang.1_0;
				GENERATE_PKGINFO_FILE = YES;
				HEADER_SEARCH_PATHS = (
					"../../../../../../../SDK/VST_SDK/VST3_SDK",
					"../../JuceLibraryCode",
					"/Users/christiansager/Documents/JUCE/modules",
					"/Users/christiansager/Documents/JUCE/modules/juce_audio_plugin_client",
					"$(inherited)",
				);
				INFOPLIST_FILE = Info-VST3.plist;
				INFOPLIST_PREPROCESS = NO;
				INSTALL_PATH = "$(HOME)/Library/Audio/Plug-Ins/VST3/";
				LIBRARY_STYLE = Bundle;
				LLVM_LTO = YES;
				MACOSX_DEPLOYMENT_TARGET = 10.11;
				OTHER_LDFLAGS = "-bundle -lklanghabitat\\ connector";
				PRODUCT_BUNDLE_IDENTIFIER = com.klanghabitat.klanghabitatconnector;
				PRODUCT_NAME = "klanghabitat connector";
				USE_HEADERMAP = NO;
				WRAPPER_EXTENSION = vst3;
			};
			name = Release;
		};
		B681FBB36242CEC8FCCC5C60 = {
			isa = XCBuildConfiguration;
			buildSettings = {
				CLANG_CXX_LANGUAGE_STANDARD = "c++14";
				CLANG_CXX_LIBRARY = "libc++";
				CLANG_LINK_OBJC_RUNTIME = NO;
				CODE_SIGN_IDENTITY = "";
				COMBINE_HIDPI_IMAGES = YES;
				CONFIGURATION_BUILD_DIR = "$(PROJECT_DIR)/build/$(CONFIGURATION)";
				COPY_PHASE_STRIP = NO;
				DEPLOYMENT_LOCATION = YES;
				DSTROOT = /;
				GCC_DYNAMIC_NO_PIC = NO;
				GCC_OPTIMIZATION_LEVEL = 0;
				GCC_PREPROCESSOR_DEFINITIONS = (
					"_DEBUG=1",
					"DEBUG=1",
					"JUCER_XCODE_MAC_F6D2F4CF=1",
					"JUCE_APP_VERSION=1.0.0",
					"JUCE_APP_VERSION_HEX=0x10000",
					"JucePlugin_Build_VST=0",
					"JucePlugin_Build_VST3=0",
					"JucePlugin_Build_AU=1",
					"JucePlugin_Build_AUv3=0",
					"JucePlugin_Build_RTAS=0",
					"JucePlugin_Build_AAX=0",
					"JucePlugin_Build_Standalone=0",
					"JucePlugin_Build_Unity=0",
				);
				GCC_VERSION = com.apple.compilers.llvm.clang.1_0;
				GENERATE_PKGINFO_FILE = YES;
				HEADER_SEARCH_PATHS = (
					"../../../../../../../SDK/VST_SDK/VST3_SDK",
					"../../JuceLibraryCode",
					"/Users/christiansager/Documents/JUCE/modules",
					"/Users/christiansager/Documents/JUCE/modules/juce_audio_plugin_client",
					"$(inherited)",
				);
				INFOPLIST_FILE = Info-AU.plist;
				INFOPLIST_PREPROCESS = NO;
				INSTALL_PATH = "$(HOME)/Library/Audio/Plug-Ins/Components/";
				LIBRARY_STYLE = Bundle;
				MACOSX_DEPLOYMENT_TARGET = 10.11;
				OTHER_LDFLAGS = "-bundle -lklanghabitat\\ connector";
				OTHER_REZFLAGS = "-d ppc_$ppc -d i386_$i386 -d ppc64_$ppc64 -d x86_64_$x86_64 -I /System/Library/Frameworks/CoreServices.framework/Frameworks/CarbonCore.framework/Versions/A/Headers -I \"$(DEVELOPER_DIR)/Extras/CoreAudio/AudioUnits/AUPublic/AUBase\" -I \"$(DEVELOPER_DIR)/Platforms/MacOSX.platform/Developer/SDKs/MacOSX.sdk/System/Library/Frameworks/AudioUnit.framework/Headers\"";
				PRODUCT_BUNDLE_IDENTIFIER = com.klanghabitat.klanghabitatconnector;
				PRODUCT_NAME = "klanghabitat connector";
				USE_HEADERMAP = NO;
				WRAPPER_EXTENSION = component;
			};
			name = Debug;
		};
		9B26E9D6C6C30F6DD8F83B92 = {
			isa = XCBuildConfiguration;
			buildSettings = {
				CLANG_CXX_LANGUAGE_STANDARD = "c++14";
				CLANG_CXX_LIBRARY = "libc++";
				CLANG_LINK_OBJC_RUNTIME = NO;
				CODE_SIGN_IDENTITY = "";
				COMBINE_HIDPI_IMAGES = YES;
				CONFIGURATION_BUILD_DIR = "$(PROJECT_DIR)/build/$(CONFIGURATION)";
				DEAD_CODE_STRIPPING = YES;
				DEPLOYMENT_LOCATION = YES;
				DSTROOT = /;
				GCC_GENERATE_DEBUGGING_SYMBOLS = NO;
				GCC_OPTIMIZATION_LEVEL = 3;
				GCC_PREPROCESSOR_DEFINITIONS = (
					"_NDEBUG=1",
					"NDEBUG=1",
					"JUCER_XCODE_MAC_F6D2F4CF=1",
					"JUCE_APP_VERSION=1.0.0",
					"JUCE_APP_VERSION_HEX=0x10000",
					"JucePlugin_Build_VST=0",
					"JucePlugin_Build_VST3=0",
					"JucePlugin_Build_AU=1",
					"JucePlugin_Build_AUv3=0",
					"JucePlugin_Build_RTAS=0",
					"JucePlugin_Build_AAX=0",
					"JucePlugin_Build_Standalone=0",
					"JucePlugin_Build_Unity=0",
				);
				GCC_SYMBOLS_PRIVATE_EXTERN = YES;
				GCC_VERSION = com.apple.compilers.llvm.clang.1_0;
				GENERATE_PKGINFO_FILE = YES;
				HEADER_SEARCH_PATHS = (
					"../../../../../../../SDK/VST_SDK/VST3_SDK",
					"../../JuceLibraryCode",
					"/Users/christiansager/Documents/JUCE/modules",
					"/Users/christiansager/Documents/JUCE/modules/juce_audio_plugin_client",
					"$(inherited)",
				);
				INFOPLIST_FILE = Info-AU.plist;
				INFOPLIST_PREPROCESS = NO;
				INSTALL_PATH = "$(HOME)/Library/Audio/Plug-Ins/Components/";
				LIBRARY_STYLE = Bundle;
				LLVM_LTO = YES;
				MACOSX_DEPLOYMENT_TARGET = 10.11;
				OTHER_LDFLAGS = "-bundle -lklanghabitat\\ connector";
				OTHER_REZFLAGS = "-d ppc_$ppc -d i386_$i386 -d ppc64_$ppc64 -d x86_64_$x86_64 -I /System/Library/Frameworks/CoreServices.framework/Frameworks/CarbonCore.framework/Versions/A/Headers -I \"$(DEVELOPER_DIR)/Extras/CoreAudio/AudioUnits/AUPublic/AUBase\" -I \"$(DEVELOPER_DIR)/Platforms/MacOSX.platform/Developer/SDKs/MacOSX.sdk/System/Library/Frameworks/AudioUnit.framework/Headers\"";
				PRODUCT_BUNDLE_IDENTIFIER = com.klanghabitat.klanghabitatconnector;
				PRODUCT_NAME = "klanghabitat connector";
				USE_HEADERMAP = NO;
				WRAPPER_EXTENSION = component;
			};
			name = Release;
		};
		E2837ED6599EE723B4ECCA69 = {
			isa = XCBuildConfiguration;
			buildSettings = {
				CLANG_CXX_LANGUAGE_STANDARD = "c++14";
				CLANG_CXX_LIBRARY = "libc++";
				CLANG_LINK_OBJC_RUNTIME = NO;
				CODE_SIGN_IDENTITY = "";
				COMBINE_HIDPI_IMAGES = YES;
				CONFIGURATION_BUILD_DIR = "$(PROJECT_DIR)/build/$(CONFIGURATION)";
				COPY_PHASE_STRIP = NO;
				GCC_DYNAMIC_NO_PIC = NO;
				GCC_OPTIMIZATION_LEVEL = 0;
				GCC_PREPROCESSOR_DEFINITIONS = (
					"_DEBUG=1",
					"DEBUG=1",
					"JUCER_XCODE_MAC_F6D2F4CF=1",
					"JUCE_APP_VERSION=1.0.0",
					"JUCE_APP_VERSION_HEX=0x10000",
					"JucePlugin_Build_VST=0",
					"JucePlugin_Build_VST3=0",
					"JucePlugin_Build_AU=0",
					"JucePlugin_Build_AUv3=0",
					"JucePlugin_Build_RTAS=0",
					"JucePlugin_Build_AAX=0",
					"JucePlugin_Build_Standalone=1",
					"JucePlugin_Build_Unity=0",
				);
				GCC_VERSION = com.apple.compilers.llvm.clang.1_0;
				HEADER_SEARCH_PATHS = (
					"../../../../../../../SDK/VST_SDK/VST3_SDK",
					"../../JuceLibraryCode",
					"/Users/christiansager/Documents/JUCE/modules",
					"/Users/christiansager/Documents/JUCE/modules/juce_audio_plugin_client",
					"$(inherited)",
				);
				INFOPLIST_FILE = Info-Standalone_Plugin.plist;
				INFOPLIST_PREPROCESS = NO;
				MACOSX_DEPLOYMENT_TARGET = 10.11;
				OTHER_LDFLAGS = "-lklanghabitat\\ connector";
				PRODUCT_BUNDLE_IDENTIFIER = com.klanghabitat.klanghabitatconnector;
				PRODUCT_NAME = "klanghabitat connector";
				USE_HEADERMAP = NO;
			};
			name = Debug;
		};
		1F09D80A2D5CBBF102B835E1 = {
			isa = XCBuildConfiguration;
			buildSettings = {
				CLANG_CXX_LANGUAGE_STANDARD = "c++14";
				CLANG_CXX_LIBRARY = "libc++";
				CLANG_LINK_OBJC_RUNTIME = NO;
				CODE_SIGN_IDENTITY = "";
				COMBINE_HIDPI_IMAGES = YES;
				CONFIGURATION_BUILD_DIR = "$(PROJECT_DIR)/build/$(CONFIGURATION)";
				DEAD_CODE_STRIPPING = YES;
				GCC_GENERATE_DEBUGGING_SYMBOLS = NO;
				GCC_OPTIMIZATION_LEVEL = 3;
				GCC_PREPROCESSOR_DEFINITIONS = (
					"_NDEBUG=1",
					"NDEBUG=1",
					"JUCER_XCODE_MAC_F6D2F4CF=1",
					"JUCE_APP_VERSION=1.0.0",
					"JUCE_APP_VERSION_HEX=0x10000",
					"JucePlugin_Build_VST=0",
					"JucePlugin_Build_VST3=0",
					"JucePlugin_Build_AU=0",
					"JucePlugin_Build_AUv3=0",
					"JucePlugin_Build_RTAS=0",
					"JucePlugin_Build_AAX=0",
					"JucePlugin_Build_Standalone=1",
					"JucePlugin_Build_Unity=0",
				);
				GCC_SYMBOLS_PRIVATE_EXTERN = YES;
				GCC_VERSION = com.apple.compilers.llvm.clang.1_0;
				HEADER_SEARCH_PATHS = (
					"../../../../../../../SDK/VST_SDK/VST3_SDK",
					"../../JuceLibraryCode",
					"/Users/christiansager/Documents/JUCE/modules",
					"/Users/christiansager/Documents/JUCE/modules/juce_audio_plugin_client",
					"$(inherited)",
				);
				INFOPLIST_FILE = Info-Standalone_Plugin.plist;
				INFOPLIST_PREPROCESS = NO;
				LLVM_LTO = YES;
				MACOSX_DEPLOYMENT_TARGET = 10.11;
				OTHER_LDFLAGS = "-lklanghabitat\\ connector";
				PRODUCT_BUNDLE_IDENTIFIER = com.klanghabitat.klanghabitatconnector;
				PRODUCT_NAME = "klanghabitat connector";
				USE_HEADERMAP = NO;
			};
			name = Release;
		};
		051A9E3607143A39D80B71E3 = {
			isa = XCBuildConfiguration;
			buildSettings = {
				CLANG_CXX_LANGUAGE_STANDARD = "c++14";
				CLANG_CXX_LIBRARY = "libc++";
				CLANG_LINK_OBJC_RUNTIME = NO;
				CODE_SIGN_IDENTITY = "";
				COMBINE_HIDPI_IMAGES = YES;
				CONFIGURATION_BUILD_DIR = "$(PROJECT_DIR)/build/$(CONFIGURATION)";
				COPY_PHASE_STRIP = NO;
				GCC_DYNAMIC_NO_PIC = NO;
				GCC_OPTIMIZATION_LEVEL = 0;
				GCC_PREPROCESSOR_DEFINITIONS = (
					"_DEBUG=1",
					"DEBUG=1",
					"JUCER_XCODE_MAC_F6D2F4CF=1",
					"JUCE_APP_VERSION=1.0.0",
					"JUCE_APP_VERSION_HEX=0x10000",
					"JucePlugin_Build_VST=0",
					"JucePlugin_Build_VST3=1",
					"JucePlugin_Build_AU=1",
					"JucePlugin_Build_AUv3=0",
					"JucePlugin_Build_RTAS=0",
					"JucePlugin_Build_AAX=0",
					"JucePlugin_Build_Standalone=1",
					"JucePlugin_Build_Unity=0",
					"JUCE_SHARED_CODE=1",
				);
				GCC_VERSION = com.apple.compilers.llvm.clang.1_0;
				HEADER_SEARCH_PATHS = (
					"../../../../../../../SDK/VST_SDK/VST3_SDK",
					"../../JuceLibraryCode",
					"/Users/christiansager/Documents/JUCE/modules",
					"/Users/christiansager/Documents/JUCE/modules/juce_audio_plugin_client",
					"$(inherited)",
				);
				INSTALL_PATH = "@executable_path/../Frameworks";
				MACOSX_DEPLOYMENT_TARGET = 10.11;
				PRODUCT_BUNDLE_IDENTIFIER = com.klanghabitat.klanghabitatconnector;
				PRODUCT_NAME = "klanghabitat connector";
				SKIP_INSTALL = YES;
				USE_HEADERMAP = NO;
			};
			name = Debug;
		};
		B21AEE28E81BB60FBB14CB39 = {
			isa = XCBuildConfiguration;
			buildSettings = {
				CLANG_CXX_LANGUAGE_STANDARD = "c++14";
				CLANG_CXX_LIBRARY = "libc++";
				CLANG_LINK_OBJC_RUNTIME = NO;
				CODE_SIGN_IDENTITY = "";
				COMBINE_HIDPI_IMAGES = YES;
				CONFIGURATION_BUILD_DIR = "$(PROJECT_DIR)/build/$(CONFIGURATION)";
				DEAD_CODE_STRIPPING = YES;
				GCC_GENERATE_DEBUGGING_SYMBOLS = NO;
				GCC_OPTIMIZATION_LEVEL = 3;
				GCC_PREPROCESSOR_DEFINITIONS = (
					"_NDEBUG=1",
					"NDEBUG=1",
					"JUCER_XCODE_MAC_F6D2F4CF=1",
					"JUCE_APP_VERSION=1.0.0",
					"JUCE_APP_VERSION_HEX=0x10000",
					"JucePlugin_Build_VST=0",
					"JucePlugin_Build_VST3=1",
					"JucePlugin_Build_AU=1",
					"JucePlugin_Build_AUv3=0",
					"JucePlugin_Build_RTAS=0",
					"JucePlugin_Build_AAX=0",
					"JucePlugin_Build_Standalone=1",
					"JucePlugin_Build_Unity=0",
					"JUCE_SHARED_CODE=1",
				);
				GCC_SYMBOLS_PRIVATE_EXTERN = YES;
				GCC_VERSION = com.apple.compilers.llvm.clang.1_0;
				HEADER_SEARCH_PATHS = (
					"../../../../../../../SDK/VST_SDK/VST3_SDK",
					"../../JuceLibraryCode",
					"/Users/christiansager/Documents/JUCE/modules",
					"/Users/christiansager/Documents/JUCE/modules/juce_audio_plugin_client",
					"$(inherited)",
				);
				INSTALL_PATH = "@executable_path/../Frameworks";
				LLVM_LTO = YES;
				MACOSX_DEPLOYMENT_TARGET = 10.11;
				PRODUCT_BUNDLE_IDENTIFIER = com.klanghabitat.klanghabitatconnector;
				PRODUCT_NAME = "klanghabitat connector";
				SKIP_INSTALL = YES;
				USE_HEADERMAP = NO;
			};
			name = Release;
		};
		CB8AA28382E229CF53401FED = {
			isa = XCBuildConfiguration;
			buildSettings = {
				ALWAYS_SEARCH_USER_PATHS = NO;
				CLANG_ENABLE_OBJC_WEAK = YES;
				CLANG_WARN_BLOCK_CAPTURE_AUTORELEASING = YES;
				CLANG_WARN_BOOL_CONVERSION = YES;
				CLANG_WARN_COMMA = YES;
				CLANG_WARN_CONSTANT_CONVERSION = YES;
				CLANG_WARN_DEPRECATED_OBJC_IMPLEMENTATIONS = YES;
				CLANG_WARN_EMPTY_BODY = YES;
				CLANG_WARN_ENUM_CONVERSION = YES;
				CLANG_WARN_INFINITE_RECURSION = YES;
				CLANG_WARN_INT_CONVERSION = YES;
				CLANG_WARN_NON_LITERAL_NULL_CONVERSION = YES;
				CLANG_WARN_OBJC_IMPLICIT_RETAIN_SELF = YES;
				CLANG_WARN_OBJC_LITERAL_CONVERSION = YES;
				CLANG_WARN_RANGE_LOOP_ANALYSIS = YES;
				CLANG_WARN_STRICT_PROTOTYPES = YES;
				CLANG_WARN_SUSPICIOUS_MOVE = YES;
				CLANG_WARN_UNREACHABLE_CODE = YES;
				CLANG_WARN__DUPLICATE_METHOD_MATCH = YES;
				CODE_SIGN_IDENTITY = "";
				DEBUG_INFORMATION_FORMAT = dwarf;
				ENABLE_STRICT_OBJC_MSGSEND = YES;
				ENABLE_TESTABILITY = YES;
				GCC_C_LANGUAGE_STANDARD = c11;
				GCC_INLINES_ARE_PRIVATE_EXTERN = YES;
				GCC_MODEL_TUNING = G5;
				GCC_NO_COMMON_BLOCKS = YES;
				GCC_WARN_64_TO_32_BIT_CONVERSION = YES;
				GCC_WARN_ABOUT_RETURN_TYPE = YES;
				GCC_WARN_CHECK_SWITCH_STATEMENTS = YES;
				GCC_WARN_MISSING_PARENTHESES = YES;
				GCC_WARN_NON_VIRTUAL_DESTRUCTOR = YES;
				GCC_WARN_TYPECHECK_CALLS_TO_PRINTF = YES;
				GCC_WARN_UNDECLARED_SELECTOR = YES;
				GCC_WARN_UNINITIALIZED_AUTOS = YES;
				GCC_WARN_UNUSED_FUNCTION = YES;
				GCC_WARN_UNUSED_VARIABLE = YES;
				ONLY_ACTIVE_ARCH = YES;
				PRODUCT_NAME = "klanghabitat connector";
				SDKROOT = macosx;
				WARNING_CFLAGS = "-Wreorder";
				ZERO_LINK = NO;
			};
			name = Debug;
		};
		97CBC4535021A46136568FAE = {
			isa = XCBuildConfiguration;
			buildSettings = {
				ALWAYS_SEARCH_USER_PATHS = NO;
				CLANG_ENABLE_OBJC_WEAK = YES;
				CLANG_WARN_BLOCK_CAPTURE_AUTORELEASING = YES;
				CLANG_WARN_BOOL_CONVERSION = YES;
				CLANG_WARN_COMMA = YES;
				CLANG_WARN_CONSTANT_CONVERSION = YES;
				CLANG_WARN_DEPRECATED_OBJC_IMPLEMENTATIONS = YES;
				CLANG_WARN_EMPTY_BODY = YES;
				CLANG_WARN_ENUM_CONVERSION = YES;
				CLANG_WARN_INFINITE_RECURSION = YES;
				CLANG_WARN_INT_CONVERSION = YES;
				CLANG_WARN_NON_LITERAL_NULL_CONVERSION = YES;
				CLANG_WARN_OBJC_IMPLICIT_RETAIN_SELF = YES;
				CLANG_WARN_OBJC_LITERAL_CONVERSION = YES;
				CLANG_WARN_RANGE_LOOP_ANALYSIS = YES;
				CLANG_WARN_STRICT_PROTOTYPES = YES;
				CLANG_WARN_SUSPICIOUS_MOVE = YES;
				CLANG_WARN_UNREACHABLE_CODE = YES;
				CLANG_WARN__DUPLICATE_METHOD_MATCH = YES;
				CODE_SIGN_IDENTITY = "";
				DEBUG_INFORMATION_FORMAT = dwarf;
				ENABLE_STRICT_OBJC_MSGSEND = YES;
				GCC_C_LANGUAGE_STANDARD = c11;
				GCC_INLINES_ARE_PRIVATE_EXTERN = YES;
				GCC_MODEL_TUNING = G5;
				GCC_NO_COMMON_BLOCKS = YES;
				GCC_WARN_64_TO_32_BIT_CONVERSION = YES;
				GCC_WARN_ABOUT_RETURN_TYPE = YES;
				GCC_WARN_CHECK_SWITCH_STATEMENTS = YES;
				GCC_WARN_MISSING_PARENTHESES = YES;
				GCC_WARN_NON_VIRTUAL_DESTRUCTOR = YES;
				GCC_WARN_TYPECHECK_CALLS_TO_PRINTF = YES;
				GCC_WARN_UNDECLARED_SELECTOR = YES;
				GCC_WARN_UNINITIALIZED_AUTOS = YES;
				GCC_WARN_UNUSED_FUNCTION = YES;
				GCC_WARN_UNUSED_VARIABLE = YES;
				PRODUCT_NAME = "klanghabitat connector";
				SDKROOT = macosx;
				WARNING_CFLAGS = "-Wreorder";
				ZERO_LINK = NO;
			};
			name = Release;
		};
		49593FDB1142E2FA6D5F7713 = {
			isa = PBXTargetDependency;
			target = FE252C12671EC867F99A389A;
		};
		AEE192BC0E152D5A90C65946 = {
			isa = PBXTargetDependency;
			target = 76598512FE9C37A88467B923;
		};
		6EB32787CBE101B37408CF4C = {
			isa = PBXTargetDependency;
			target = 18F973160531B2B0C144B3F6;
		};
		6456F13FDF20D8E5F87217AE = {
			isa = PBXTargetDependency;
			target = 9B52346A86DB1CF87F9D95FE;
		};
		5861D30F0184BA31A34C4403 = {
			isa = XCConfigurationList;
			buildConfigurations = (
				CB8AA28382E229CF53401FED,
				97CBC4535021A46136568FAE,
			);
			defaultConfigurationIsVisible = 0;
			defaultConfigurationName = Debug;
		};
		75D00075CDCA446EBCEC90D9 = {
			isa = XCConfigurationList;
			buildConfigurations = (
				178022EA087AAD06E5818BC2,
				D9B0955F5CB0270A6EB2DE9C,
			);
			defaultConfigurationIsVisible = 0;
			defaultConfigurationName = Debug;
		};
		B1D731A32A5EAE1531773AF6 = {
			isa = PBXAggregateTarget;
			buildConfigurationList = 75D00075CDCA446EBCEC90D9;
			buildPhases = ( );
			buildRules = ( );
			dependencies = (
				49593FDB1142E2FA6D5F7713,
				AEE192BC0E152D5A90C65946,
				6EB32787CBE101B37408CF4C,
				6456F13FDF20D8E5F87217AE,
			);
			name = "klanghabitat connector - All";
			productName = "klanghabitat connector";
		};
		07718A2E6A94348120B165EF = {
			isa = XCConfigurationList;
			buildConfigurations = (
				ACD9327FA85D7C5991C5C7DE,
				DAF597A99E90928995331C99,
			);
			defaultConfigurationIsVisible = 0;
			defaultConfigurationName = Debug;
		};
		3AB23AC4078555316A111D70 = {
			isa = PBXResourcesBuildPhase;
			buildActionMask = 2147483647;
			files = (
				5C895A08D32E5CBC1B3881C0,
			);
			runOnlyForDeploymentPostprocessing = 0;
		};
		6341BA109C5F9ECF0E5197A7 = {
			isa = PBXSourcesBuildPhase;
			buildActionMask = 2147483647;
			files = (
				67B2AD7696DB115CE7078829,
			);
			runOnlyForDeploymentPostprocessing = 0;
		};
		A250A858DC0A243D5793FA44 = {
			isa = PBXFrameworksBuildPhase;
			buildActionMask = 2147483647;
			files = (
				5A96634D12DEEAF9004B8143,
				9F162C18170590B7083FDDDF,
				3ECC84C006DC71454367B035,
				21B28B42A23E6F9A481950BF,
				F7CC43D9A34BBE0494386E41,
				551A7B5B4D1895007B99CE1A,
				AB8FC0A1BB0EF49596483025,
				B3FCD2B4016FBEC1B2804896,
				DEC43E4B13602B57600E52A6,
				63F83087E461D5A5F7B5A8E3,
				E3DDF392CF48A77C5F865808,
				BFB0F953B17410E8CB6E8CE6,
			);
			runOnlyForDeploymentPostprocessing = 0;
		};
		FE252C12671EC867F99A389A = {
			isa = PBXNativeTarget;
			buildConfigurationList = 07718A2E6A94348120B165EF;
			buildPhases = (
				3AB23AC4078555316A111D70,
				6341BA109C5F9ECF0E5197A7,
				A250A858DC0A243D5793FA44,
			);
			buildRules = ( );
			dependencies = (
				6456F13FDF20D8E5F87217AE,
			);
			name = "klanghabitat connector - VST3";
			productName = "klanghabitat connector";
			productReference = 2EF88E910766FC3BBDC18E90;
			productType = "com.apple.product-type.bundle";
		};
		4F5510E999571C07D33F0ECD = {
			isa = XCConfigurationList;
			buildConfigurations = (
				B681FBB36242CEC8FCCC5C60,
				9B26E9D6C6C30F6DD8F83B92,
			);
			defaultConfigurationIsVisible = 0;
			defaultConfigurationName = Debug;
		};
		729FFF047766DBCE267BD595 = {
			isa = PBXResourcesBuildPhase;
			buildActionMask = 2147483647;
			files = (
				5C895A08D32E5CBC1B3881C0,
			);
			runOnlyForDeploymentPostprocessing = 0;
		};
		BAC06375FB5A6B89834217C3 = {
			isa = PBXRezBuildPhase;
			buildActionMask = 2147483647;
			files = (
				C19795D8DE73D02BE646D838,
			);
			runOnlyForDeploymentPostprocessing = 0;
		};
		B6BB57A7C087D3BB2DAD109E = {
			isa = PBXSourcesBuildPhase;
			buildActionMask = 2147483647;
			files = (
				515C5E62D631C816E24B6221,
				72569D88E358F32AABD924E4,
			);
			runOnlyForDeploymentPostprocessing = 0;
		};
		C9C076D78F109817E6048606 = {
			isa = PBXFrameworksBuildPhase;
			buildActionMask = 2147483647;
			files = (
				92A743B6FA96800026D580DA,
				5A96634D12DEEAF9004B8143,
				9F162C18170590B7083FDDDF,
				3ECC84C006DC71454367B035,
				21B28B42A23E6F9A481950BF,
				F7CC43D9A34BBE0494386E41,
				551A7B5B4D1895007B99CE1A,
				AB8FC0A1BB0EF49596483025,
				B3FCD2B4016FBEC1B2804896,
				DEC43E4B13602B57600E52A6,
				63F83087E461D5A5F7B5A8E3,
				E3DDF392CF48A77C5F865808,
				BFB0F953B17410E8CB6E8CE6,
			);
			runOnlyForDeploymentPostprocessing = 0;
		};
		76598512FE9C37A88467B923 = {
			isa = PBXNativeTarget;
			buildConfigurationList = 4F5510E999571C07D33F0ECD;
			buildPhases = (
				729FFF047766DBCE267BD595,
				BAC06375FB5A6B89834217C3,
				B6BB57A7C087D3BB2DAD109E,
				C9C076D78F109817E6048606,
			);
			buildRules = ( );
			dependencies = (
				6456F13FDF20D8E5F87217AE,
			);
			name = "klanghabitat connector - AU";
			productName = "klanghabitat connector";
			productReference = ECFBFBA009B887316246F6EA;
			productType = "com.apple.product-type.bundle";
		};
		9DD5FD19E9B83B2A12567ABC = {
			isa = XCConfigurationList;
			buildConfigurations = (
				E2837ED6599EE723B4ECCA69,
				1F09D80A2D5CBBF102B835E1,
			);
			defaultConfigurationIsVisible = 0;
			defaultConfigurationName = Debug;
		};
		904FCE4C81E2D6D1C0E85030 = {
			isa = PBXResourcesBuildPhase;
			buildActionMask = 2147483647;
			files = (
				5C895A08D32E5CBC1B3881C0,
			);
			runOnlyForDeploymentPostprocessing = 0;
		};
		9A0569E684474D87CEF32975 = {
			isa = PBXSourcesBuildPhase;
			buildActionMask = 2147483647;
			files = (
				71B722C330F538C33FE1157D,
			);
			runOnlyForDeploymentPostprocessing = 0;
		};
		6F474EAEB3B3245EA21B9676 = {
			isa = PBXFrameworksBuildPhase;
			buildActionMask = 2147483647;
			files = (
				5A96634D12DEEAF9004B8143,
				9F162C18170590B7083FDDDF,
				3ECC84C006DC71454367B035,
				21B28B42A23E6F9A481950BF,
				F7CC43D9A34BBE0494386E41,
				551A7B5B4D1895007B99CE1A,
				AB8FC0A1BB0EF49596483025,
				B3FCD2B4016FBEC1B2804896,
				DEC43E4B13602B57600E52A6,
				63F83087E461D5A5F7B5A8E3,
				E3DDF392CF48A77C5F865808,
				BFB0F953B17410E8CB6E8CE6,
			);
			runOnlyForDeploymentPostprocessing = 0;
		};
		18F973160531B2B0C144B3F6 = {
			isa = PBXNativeTarget;
			buildConfigurationList = 9DD5FD19E9B83B2A12567ABC;
			buildPhases = (
				904FCE4C81E2D6D1C0E85030,
				9A0569E684474D87CEF32975,
				6F474EAEB3B3245EA21B9676,
			);
			buildRules = ( );
			dependencies = (
				6456F13FDF20D8E5F87217AE,
			);
			name = "klanghabitat connector - Standalone Plugin";
			productName = "klanghabitat connector";
			productReference = 0D6888B9CD115DD56D15CD42;
			productType = "com.apple.product-type.application";
		};
		103571026DF71E269583E1B9 = {
			isa = XCConfigurationList;
			buildConfigurations = (
				051A9E3607143A39D80B71E3,
				B21AEE28E81BB60FBB14CB39,
			);
			defaultConfigurationIsVisible = 0;
			defaultConfigurationName = Debug;
		};
		65AFB47F0629B42138BC372C = {
			isa = PBXSourcesBuildPhase;
			buildActionMask = 2147483647;
			files = (
				8C5C5AD32A9CCA125B606FEA,
				A74B715862F557A4519BD9AA,
				992BD9F823A0AA94772C2753,
				9BD4A01BB3D8FC9ABBB0CCE4,
				2C448DCB26EDC56416604528,
				981E6C130AC00BD13FAF7D16,
				09DAD4D86CE6EF0701DBAD68,
				5856E5A792781C48DD905817,
				6692B124137B17764B00129D,
				BB8EC50DAE8C7203B929994A,
				35DABA089FC402FECB90866F,
				4850FF86CA19D9C0AF0FB6CB,
				C9FFD2BDC0E90A78474FF78F,
				193F69967280FAB51941C6B9,
				364533B0205AA0D039960D66,
				F32C485CB2638A73E7FA894A,
				88B85C05934E0C35B5FAFDCC,
				52B0D8AD8C51E1F0626D4EDF,
				7CFE7CFE2792B4DC4095369A,
				D3CFB85E48A3B9E2BA240491,
				0C9D4BE637944E65C51F4FDC,
			);
			runOnlyForDeploymentPostprocessing = 0;
		};
		9B52346A86DB1CF87F9D95FE = {
			isa = PBXNativeTarget;
			buildConfigurationList = 103571026DF71E269583E1B9;
			buildPhases = (
				65AFB47F0629B42138BC372C,
			);
			buildRules = ( );
			dependencies = ( );
			name = "klanghabitat connector - Shared Code";
			productName = "klanghabitat connector";
			productReference = 36F3FD5695B891B1C92AED76;
			productType = "com.apple.product-type.library.static";
		};
		0F72D9A9AC77C3B1279118B5 = {
			isa = PBXProject;
			buildConfigurationList = 5861D30F0184BA31A34C4403;
			attributes = { LastUpgradeCheck = 1100; ORGANIZATIONNAME = "klanghabitat"; TargetAttributes = { B1D731A32A5EAE1531773AF6 = { SystemCapabilities = {com.apple.ApplicationGroups.iOS = { enabled = 0; }; com.apple.InAppPurchase = { enabled = 0; }; com.apple.InterAppAudio = { enabled = 0; }; com.apple.Push = { enabled = 0; }; com.apple.Sandbox = { enabled = 0; }; com.apple.HardenedRuntime = { enabled = 0; }; }; };FE252C12671EC867F99A389A = { SystemCapabilities = {com.apple.ApplicationGroups.iOS = { enabled = 0; }; com.apple.InAppPurchase = { enabled = 0; }; com.apple.InterAppAudio = { enabled = 0; }; com.apple.Push = { enabled = 0; }; com.apple.Sandbox = { enabled = 0; }; com.apple.HardenedRuntime = { enabled = 0; }; }; };76598512FE9C37A88467B923 = { SystemCapabilities = {com.apple.ApplicationGroups.iOS = { enabled = 0; }; com.apple.InAppPurchase = { enabled = 0; }; com.apple.InterAppAudio = { enabled = 0; }; com.apple.Push = { enabled = 0; }; com.apple.Sandbox = { enabled = 0; }; com.apple.HardenedRuntime = { enabled = 0; }; }; };18F973160531B2B0C144B3F6 = { SystemCapabilities = {com.apple.ApplicationGroups.iOS = { enabled = 0; }; com.apple.InAppPurchase = { enabled = 0; }; com.apple.InterAppAudio = { enabled = 0; }; com.apple.Push = { enabled = 0; }; com.apple.Sandbox = { enabled = 0; }; com.apple.HardenedRuntime = { enabled = 0; }; }; };9B52346A86DB1CF87F9D95FE = { SystemCapabilities = {com.apple.ApplicationGroups.iOS = { enabled = 0; }; com.apple.InAppPurchase = { enabled = 0; }; com.apple.InterAppAudio = { enabled = 0; }; com.apple.Push = { enabled = 0; }; com.apple.Sandbox = { enabled = 0; }; com.apple.HardenedRuntime = { enabled = 0; }; }; }; }; };
			compatibilityVersion = "Xcode 3.2";
			hasScannedForEncodings = 0;
			mainGroup = D0EEC797BE86CAEE11BA65B0;
			projectDirPath = "";
			projectRoot = "";
			targets = (B1D731A32A5EAE1531773AF6, FE252C12671EC867F99A389A, 76598512FE9C37A88467B923, 18F973160531B2B0C144B3F6, 9B52346A86DB1CF87F9D95FE);
			knownRegions = (en, Base);
		};
	};
	rootObject = 0F72D9A9AC77C3B1279118B5;
}
