// !$*UTF8*$!
{
	archiveVersion = 1;
	classes = {
	};
	objectVersion = 50;
	objects = {

/* Begin PBXBuildFile section */
		89C629B724DDCE9500C59A3A /* serialport.c in Sources */ = {isa = PBXBuildFile; fileRef = 89C629B624DDCE9500C59A3A /* serialport.c */; };
		89C629BA24DDCEE000C59A3A /* xcptpuart.c in Sources */ = {isa = PBXBuildFile; fileRef = 89C629B924DDCEE000C59A3A /* xcptpuart.c */; };
		89D997E724D3550B0051439B /* main.c in Sources */ = {isa = PBXBuildFile; fileRef = 89D997E624D3550B0051439B /* main.c */; };
		89D9980424D355480051439B /* timeutil.c in Sources */ = {isa = PBXBuildFile; fileRef = 89D997EE24D355470051439B /* timeutil.c */; };
		89D9980524D355480051439B /* critutil.c in Sources */ = {isa = PBXBuildFile; fileRef = 89D997EF24D355470051439B /* critutil.c */; };
		89D9980624D355480051439B /* session.c in Sources */ = {isa = PBXBuildFile; fileRef = 89D997F424D355470051439B /* session.c */; };
		89D9980724D355480051439B /* xcpprotect.c in Sources */ = {isa = PBXBuildFile; fileRef = 89D997F524D355470051439B /* xcpprotect.c */; };
		89D9980824D355480051439B /* netaccess.c in Sources */ = {isa = PBXBuildFile; fileRef = 89D997F724D355470051439B /* netaccess.c */; };
		89D9980924D355480051439B /* util.c in Sources */ = {isa = PBXBuildFile; fileRef = 89D997F924D355470051439B /* util.c */; };
		89D9980A24D355480051439B /* firmware.c in Sources */ = {isa = PBXBuildFile; fileRef = 89D997FA24D355470051439B /* firmware.c */; };
		89D9980B24D355480051439B /* xcptpnet.c in Sources */ = {isa = PBXBuildFile; fileRef = 89D997FC24D355480051439B /* xcptpnet.c */; };
		89D9980C24D355480051439B /* main.c in Sources */ = {isa = PBXBuildFile; fileRef = 89D997FF24D355480051439B /* main.c */; };
		89D9980D24D355480051439B /* xcploader.c in Sources */ = {isa = PBXBuildFile; fileRef = 89D9980024D355480051439B /* xcploader.c */; };
		89D9980E24D355480051439B /* openblt.c in Sources */ = {isa = PBXBuildFile; fileRef = 89D9980124D355480051439B /* openblt.c */; };
		89D9980F24D355480051439B /* aes256.c in Sources */ = {isa = PBXBuildFile; fileRef = 89D9980224D355480051439B /* aes256.c */; };
		89D9981024D355480051439B /* srecparser.c in Sources */ = {isa = PBXBuildFile; fileRef = 89D9980324D355480051439B /* srecparser.c */; };
/* End PBXBuildFile section */

/* Begin PBXCopyFilesBuildPhase section */
		89D997E124D3550B0051439B /* CopyFiles */ = {
			isa = PBXCopyFilesBuildPhase;
			buildActionMask = 2147483647;
			dstPath = /usr/share/man/man1/;
			dstSubfolderSpec = 0;
			files = (
			);
			runOnlyForDeploymentPostprocessing = 1;
		};
/* End PBXCopyFilesBuildPhase section */

/* Begin PBXFileReference section */
		89C629B624DDCE9500C59A3A /* serialport.c */ = {isa = PBXFileReference; fileEncoding = 4; lastKnownFileType = sourcecode.c.c; path = serialport.c; sourceTree = "<group>"; };
		89C629B824DDCEE000C59A3A /* xcptpuart.h */ = {isa = PBXFileReference; fileEncoding = 4; lastKnownFileType = sourcecode.c.h; path = xcptpuart.h; sourceTree = "<group>"; };
		89C629B924DDCEE000C59A3A /* xcptpuart.c */ = {isa = PBXFileReference; fileEncoding = 4; lastKnownFileType = sourcecode.c.c; path = xcptpuart.c; sourceTree = "<group>"; };
		89C629BB24DDCEF800C59A3A /* serialport.h */ = {isa = PBXFileReference; lastKnownFileType = sourcecode.c.h; name = serialport.h; path = ../../../Host/Source/LibOpenBLT/serialport.h; sourceTree = "<group>"; };
		89C629BC24DDCF0B00C59A3A /* serialport.h */ = {isa = PBXFileReference; lastKnownFileType = sourcecode.c.h; path = serialport.h; sourceTree = "<group>"; };
		89D997E324D3550B0051439B /* BootCommander */ = {isa = PBXFileReference; explicitFileType = "compiled.mach-o.executable"; includeInIndex = 0; path = BootCommander; sourceTree = BUILT_PRODUCTS_DIR; };
		89D997E624D3550B0051439B /* main.c */ = {isa = PBXFileReference; lastKnownFileType = sourcecode.c.c; path = main.c; sourceTree = "<group>"; };
		89D997ED24D355470051439B /* srecparser.h */ = {isa = PBXFileReference; fileEncoding = 4; lastKnownFileType = sourcecode.c.h; path = srecparser.h; sourceTree = "<group>"; };
		89D997EE24D355470051439B /* timeutil.c */ = {isa = PBXFileReference; fileEncoding = 4; lastKnownFileType = sourcecode.c.c; path = timeutil.c; sourceTree = "<group>"; };
		89D997EF24D355470051439B /* critutil.c */ = {isa = PBXFileReference; fileEncoding = 4; lastKnownFileType = sourcecode.c.c; path = critutil.c; sourceTree = "<group>"; };
		89D997F024D355470051439B /* openblt.h */ = {isa = PBXFileReference; fileEncoding = 4; lastKnownFileType = sourcecode.c.h; path = openblt.h; sourceTree = "<group>"; };
		89D997F124D355470051439B /* session.h */ = {isa = PBXFileReference; fileEncoding = 4; lastKnownFileType = sourcecode.c.h; path = session.h; sourceTree = "<group>"; };
		89D997F224D355470051439B /* xcploader.h */ = {isa = PBXFileReference; fileEncoding = 4; lastKnownFileType = sourcecode.c.h; path = xcploader.h; sourceTree = "<group>"; };
		89D997F324D355470051439B /* firmware.h */ = {isa = PBXFileReference; fileEncoding = 4; lastKnownFileType = sourcecode.c.h; path = firmware.h; sourceTree = "<group>"; };
		89D997F424D355470051439B /* session.c */ = {isa = PBXFileReference; fileEncoding = 4; lastKnownFileType = sourcecode.c.c; path = session.c; sourceTree = "<group>"; };
		89D997F524D355470051439B /* xcpprotect.c */ = {isa = PBXFileReference; fileEncoding = 4; lastKnownFileType = sourcecode.c.c; path = xcpprotect.c; sourceTree = "<group>"; };
		89D997F624D355470051439B /* netaccess.h */ = {isa = PBXFileReference; fileEncoding = 4; lastKnownFileType = sourcecode.c.h; path = netaccess.h; sourceTree = "<group>"; };
		89D997F724D355470051439B /* netaccess.c */ = {isa = PBXFileReference; fileEncoding = 4; lastKnownFileType = sourcecode.c.c; path = netaccess.c; sourceTree = "<group>"; };
		89D997F824D355470051439B /* xcptpnet.h */ = {isa = PBXFileReference; fileEncoding = 4; lastKnownFileType = sourcecode.c.h; path = xcptpnet.h; sourceTree = "<group>"; };
		89D997F924D355470051439B /* util.c */ = {isa = PBXFileReference; fileEncoding = 4; lastKnownFileType = sourcecode.c.c; path = util.c; sourceTree = "<group>"; };
		89D997FA24D355470051439B /* firmware.c */ = {isa = PBXFileReference; fileEncoding = 4; lastKnownFileType = sourcecode.c.c; path = firmware.c; sourceTree = "<group>"; };
		89D997FB24D355470051439B /* xcpprotect.h */ = {isa = PBXFileReference; fileEncoding = 4; lastKnownFileType = sourcecode.c.h; path = xcpprotect.h; sourceTree = "<group>"; };
		89D997FC24D355480051439B /* xcptpnet.c */ = {isa = PBXFileReference; fileEncoding = 4; lastKnownFileType = sourcecode.c.c; path = xcptpnet.c; sourceTree = "<group>"; };
		89D997FD24D355480051439B /* util.h */ = {isa = PBXFileReference; fileEncoding = 4; lastKnownFileType = sourcecode.c.h; path = util.h; sourceTree = "<group>"; };
		89D997FE24D355480051439B /* aes256.h */ = {isa = PBXFileReference; fileEncoding = 4; lastKnownFileType = sourcecode.c.h; path = aes256.h; sourceTree = "<group>"; };
		89D997FF24D355480051439B /* main.c */ = {isa = PBXFileReference; fileEncoding = 4; lastKnownFileType = sourcecode.c.c; path = main.c; sourceTree = "<group>"; };
		89D9980024D355480051439B /* xcploader.c */ = {isa = PBXFileReference; fileEncoding = 4; lastKnownFileType = sourcecode.c.c; path = xcploader.c; sourceTree = "<group>"; };
		89D9980124D355480051439B /* openblt.c */ = {isa = PBXFileReference; fileEncoding = 4; lastKnownFileType = sourcecode.c.c; path = openblt.c; sourceTree = "<group>"; };
		89D9980224D355480051439B /* aes256.c */ = {isa = PBXFileReference; fileEncoding = 4; lastKnownFileType = sourcecode.c.c; path = aes256.c; sourceTree = "<group>"; };
		89D9980324D355480051439B /* srecparser.c */ = {isa = PBXFileReference; fileEncoding = 4; lastKnownFileType = sourcecode.c.c; path = srecparser.c; sourceTree = "<group>"; };
/* End PBXFileReference section */

/* Begin PBXFrameworksBuildPhase section */
		89D997E024D3550B0051439B /* Frameworks */ = {
			isa = PBXFrameworksBuildPhase;
			buildActionMask = 2147483647;
			files = (
			);
			runOnlyForDeploymentPostprocessing = 0;
		};
/* End PBXFrameworksBuildPhase section */

/* Begin PBXGroup section */
		89D997DA24D3550B0051439B = {
			isa = PBXGroup;
			children = (
				89D997E524D3550B0051439B /* BootCommander */,
				89D997E424D3550B0051439B /* Products */,
			);
			sourceTree = "<group>";
		};
		89D997E424D3550B0051439B /* Products */ = {
			isa = PBXGroup;
			children = (
				89D997E324D3550B0051439B /* BootCommander */,
			);
			name = Products;
			sourceTree = "<group>";
		};
		89D997E524D3550B0051439B /* BootCommander */ = {
			isa = PBXGroup;
			children = (
				89D9980224D355480051439B /* aes256.c */,
				89D997FE24D355480051439B /* aes256.h */,
				89D997EF24D355470051439B /* critutil.c */,
				89D997FA24D355470051439B /* firmware.c */,
				89D997F324D355470051439B /* firmware.h */,
				89D997FF24D355480051439B /* main.c */,
				89C629B624DDCE9500C59A3A /* serialport.c */,
				89C629BC24DDCF0B00C59A3A /* serialport.h */,
				89D997F724D355470051439B /* netaccess.c */,
				89D997F624D355470051439B /* netaccess.h */,
				89D9980124D355480051439B /* openblt.c */,
				89D997F024D355470051439B /* openblt.h */,
				89D997F424D355470051439B /* session.c */,
				89D997F124D355470051439B /* session.h */,
				89D9980324D355480051439B /* srecparser.c */,
				89D997ED24D355470051439B /* srecparser.h */,
				89D997EE24D355470051439B /* timeutil.c */,
				89D997F924D355470051439B /* util.c */,
				89D997FD24D355480051439B /* util.h */,
				89D9980024D355480051439B /* xcploader.c */,
				89D997F224D355470051439B /* xcploader.h */,
				89C629BB24DDCEF800C59A3A /* serialport.h */,
				89C629B924DDCEE000C59A3A /* xcptpuart.c */,
				89C629B824DDCEE000C59A3A /* xcptpuart.h */,
				89D997F524D355470051439B /* xcpprotect.c */,
				89D997FB24D355470051439B /* xcpprotect.h */,
				89D997FC24D355480051439B /* xcptpnet.c */,
				89D997F824D355470051439B /* xcptpnet.h */,
				89D997E624D3550B0051439B /* main.c */,
			);
			path = BootCommander;
			sourceTree = "<group>";
		};
/* End PBXGroup section */

/* Begin PBXNativeTarget section */
		89D997E224D3550B0051439B /* BootCommander */ = {
			isa = PBXNativeTarget;
			buildConfigurationList = 89D997EA24D3550B0051439B /* Build configuration list for PBXNativeTarget "BootCommander" */;
			buildPhases = (
				89D997DF24D3550B0051439B /* Sources */,
				89D997E024D3550B0051439B /* Frameworks */,
				89D997E124D3550B0051439B /* CopyFiles */,
			);
			buildRules = (
			);
			dependencies = (
			);
			name = BootCommander;
			productName = BootCommander;
			productReference = 89D997E324D3550B0051439B /* BootCommander */;
			productType = "com.apple.product-type.tool";
		};
/* End PBXNativeTarget section */

/* Begin PBXProject section */
		89D997DB24D3550B0051439B /* Project object */ = {
			isa = PBXProject;
			attributes = {
				LastUpgradeCheck = 1160;
				ORGANIZATIONNAME = klanghabitat;
				TargetAttributes = {
					89D997E224D3550B0051439B = {
						CreatedOnToolsVersion = 11.6;
					};
				};
			};
			buildConfigurationList = 89D997DE24D3550B0051439B /* Build configuration list for PBXProject "BootCommander" */;
			compatibilityVersion = "Xcode 9.3";
			developmentRegion = en;
			hasScannedForEncodings = 0;
			knownRegions = (
				en,
				Base,
			);
			mainGroup = 89D997DA24D3550B0051439B;
			productRefGroup = 89D997E424D3550B0051439B /* Products */;
			projectDirPath = "";
			projectRoot = "";
			targets = (
				89D997E224D3550B0051439B /* BootCommander */,
			);
		};
/* End PBXProject section */

/* Begin PBXSourcesBuildPhase section */
		89D997DF24D3550B0051439B /* Sources */ = {
			isa = PBXSourcesBuildPhase;
			buildActionMask = 2147483647;
			files = (
				89C629B724DDCE9500C59A3A /* serialport.c in Sources */,
				89D9980F24D355480051439B /* aes256.c in Sources */,
				89D9980C24D355480051439B /* main.c in Sources */,
				89D9980A24D355480051439B /* firmware.c in Sources */,
				89D9980B24D355480051439B /* xcptpnet.c in Sources */,
				89D9980424D355480051439B /* timeutil.c in Sources */,
				89D9980524D355480051439B /* critutil.c in Sources */,
				89C629BA24DDCEE000C59A3A /* xcptpuart.c in Sources */,
				89D9980924D355480051439B /* util.c in Sources */,
				89D9980D24D355480051439B /* xcploader.c in Sources */,
				89D9980624D355480051439B /* session.c in Sources */,
				89D997E724D3550B0051439B /* main.c in Sources */,
				89D9980724D355480051439B /* xcpprotect.c in Sources */,
				89D9981024D355480051439B /* srecparser.c in Sources */,
				89D9980E24D355480051439B /* openblt.c in Sources */,
				89D9980824D355480051439B /* netaccess.c in Sources */,
			);
			runOnlyForDeploymentPostprocessing = 0;
		};
/* End PBXSourcesBuildPhase section */

/* Begin XCBuildConfiguration section */
		89D997E824D3550B0051439B /* Debug */ = {
			isa = XCBuildConfiguration;
			buildSettings = {
				ALWAYS_SEARCH_USER_PATHS = NO;
				CLANG_ANALYZER_NONNULL = YES;
				CLANG_ANALYZER_NUMBER_OBJECT_CONVERSION = YES_AGGRESSIVE;
				CLANG_CXX_LANGUAGE_STANDARD = "gnu++14";
				CLANG_CXX_LIBRARY = "libc++";
				CLANG_ENABLE_MODULES = YES;
				CLANG_ENABLE_OBJC_ARC = YES;
				CLANG_ENABLE_OBJC_WEAK = YES;
				CLANG_WARN_BLOCK_CAPTURE_AUTORELEASING = YES;
				CLANG_WARN_BOOL_CONVERSION = YES;
				CLANG_WARN_COMMA = YES;
				CLANG_WARN_CONSTANT_CONVERSION = YES;
				CLANG_WARN_DEPRECATED_OBJC_IMPLEMENTATIONS = YES;
				CLANG_WARN_DIRECT_OBJC_ISA_USAGE = YES_ERROR;
				CLANG_WARN_DOCUMENTATION_COMMENTS = YES;
				CLANG_WARN_EMPTY_BODY = YES;
				CLANG_WARN_ENUM_CONVERSION = YES;
				CLANG_WARN_INFINITE_RECURSION = YES;
				CLANG_WARN_INT_CONVERSION = YES;
				CLANG_WARN_NON_LITERAL_NULL_CONVERSION = YES;
				CLANG_WARN_OBJC_IMPLICIT_RETAIN_SELF = YES;
				CLANG_WARN_OBJC_LITERAL_CONVERSION = YES;
				CLANG_WARN_OBJC_ROOT_CLASS = YES_ERROR;
				CLANG_WARN_RANGE_LOOP_ANALYSIS = YES;
				CLANG_WARN_STRICT_PROTOTYPES = YES;
				CLANG_WARN_SUSPICIOUS_MOVE = YES;
				CLANG_WARN_UNGUARDED_AVAILABILITY = YES_AGGRESSIVE;
				CLANG_WARN_UNREACHABLE_CODE = YES;
				CLANG_WARN__DUPLICATE_METHOD_MATCH = YES;
				COPY_PHASE_STRIP = NO;
				DEBUG_INFORMATION_FORMAT = dwarf;
				ENABLE_STRICT_OBJC_MSGSEND = YES;
				ENABLE_TESTABILITY = YES;
				GCC_C_LANGUAGE_STANDARD = gnu11;
				GCC_DYNAMIC_NO_PIC = NO;
				GCC_NO_COMMON_BLOCKS = YES;
				GCC_OPTIMIZATION_LEVEL = 0;
				GCC_PREPROCESSOR_DEFINITIONS = (
					"DEBUG=1",
					"$(inherited)",
				);
				GCC_WARN_64_TO_32_BIT_CONVERSION = YES;
				GCC_WARN_ABOUT_RETURN_TYPE = YES_ERROR;
				GCC_WARN_UNDECLARED_SELECTOR = YES;
				GCC_WARN_UNINITIALIZED_AUTOS = YES_AGGRESSIVE;
				GCC_WARN_UNUSED_FUNCTION = YES;
				GCC_WARN_UNUSED_VARIABLE = YES;
				MACOSX_DEPLOYMENT_TARGET = 10.15;
				MTL_ENABLE_DEBUG_INFO = INCLUDE_SOURCE;
				MTL_FAST_MATH = YES;
				ONLY_ACTIVE_ARCH = YES;
				SDKROOT = macosx;
			};
			name = Debug;
		};
		89D997E924D3550B0051439B /* Release */ = {
			isa = XCBuildConfiguration;
			buildSettings = {
				ALWAYS_SEARCH_USER_PATHS = NO;
				CLANG_ANALYZER_NONNULL = YES;
				CLANG_ANALYZER_NUMBER_OBJECT_CONVERSION = YES_AGGRESSIVE;
				CLANG_CXX_LANGUAGE_STANDARD = "gnu++14";
				CLANG_CXX_LIBRARY = "libc++";
				CLANG_ENABLE_MODULES = YES;
				CLANG_ENABLE_OBJC_ARC = YES;
				CLANG_ENABLE_OBJC_WEAK = YES;
				CLANG_WARN_BLOCK_CAPTURE_AUTORELEASING = YES;
				CLANG_WARN_BOOL_CONVERSION = YES;
				CLANG_WARN_COMMA = YES;
				CLANG_WARN_CONSTANT_CONVERSION = YES;
				CLANG_WARN_DEPRECATED_OBJC_IMPLEMENTATIONS = YES;
				CLANG_WARN_DIRECT_OBJC_ISA_USAGE = YES_ERROR;
				CLANG_WARN_DOCUMENTATION_COMMENTS = YES;
				CLANG_WARN_EMPTY_BODY = YES;
				CLANG_WARN_ENUM_CONVERSION = YES;
				CLANG_WARN_INFINITE_RECURSION = YES;
				CLANG_WARN_INT_CONVERSION = YES;
				CLANG_WARN_NON_LITERAL_NULL_CONVERSION = YES;
				CLANG_WARN_OBJC_IMPLICIT_RETAIN_SELF = YES;
				CLANG_WARN_OBJC_LITERAL_CONVERSION = YES;
				CLANG_WARN_OBJC_ROOT_CLASS = YES_ERROR;
				CLANG_WARN_RANGE_LOOP_ANALYSIS = YES;
				CLANG_WARN_STRICT_PROTOTYPES = YES;
				CLANG_WARN_SUSPICIOUS_MOVE = YES;
				CLANG_WARN_UNGUARDED_AVAILABILITY = YES_AGGRESSIVE;
				CLANG_WARN_UNREACHABLE_CODE = YES;
				CLANG_WARN__DUPLICATE_METHOD_MATCH = YES;
				COPY_PHASE_STRIP = NO;
				DEBUG_INFORMATION_FORMAT = "dwarf-with-dsym";
				ENABLE_NS_ASSERTIONS = NO;
				ENABLE_STRICT_OBJC_MSGSEND = YES;
				GCC_C_LANGUAGE_STANDARD = gnu11;
				GCC_NO_COMMON_BLOCKS = YES;
				GCC_WARN_64_TO_32_BIT_CONVERSION = YES;
				GCC_WARN_ABOUT_RETURN_TYPE = YES_ERROR;
				GCC_WARN_UNDECLARED_SELECTOR = YES;
				GCC_WARN_UNINITIALIZED_AUTOS = YES_AGGRESSIVE;
				GCC_WARN_UNUSED_FUNCTION = YES;
				GCC_WARN_UNUSED_VARIABLE = YES;
				MACOSX_DEPLOYMENT_TARGET = 10.15;
				MTL_ENABLE_DEBUG_INFO = NO;
				MTL_FAST_MATH = YES;
				SDKROOT = macosx;
			};
			name = Release;
		};
		89D997EB24D3550B0051439B /* Debug */ = {
			isa = XCBuildConfiguration;
			buildSettings = {
				CODE_SIGN_STYLE = Automatic;
				DEVELOPMENT_TEAM = 2AWKP75CVE;
				ENABLE_HARDENED_RUNTIME = YES;
				PRODUCT_NAME = "$(TARGET_NAME)";
			};
			name = Debug;
		};
		89D997EC24D3550B0051439B /* Release */ = {
			isa = XCBuildConfiguration;
			buildSettings = {
				CODE_SIGN_STYLE = Automatic;
				DEVELOPMENT_TEAM = 2AWKP75CVE;
				ENABLE_HARDENED_RUNTIME = YES;
				PRODUCT_NAME = "$(TARGET_NAME)";
			};
			name = Release;
		};
/* End XCBuildConfiguration section */

/* Begin XCConfigurationList section */
		89D997DE24D3550B0051439B /* Build configuration list for PBXProject "BootCommander" */ = {
			isa = XCConfigurationList;
			buildConfigurations = (
				89D997E824D3550B0051439B /* Debug */,
				89D997E924D3550B0051439B /* Release */,
			);
			defaultConfigurationIsVisible = 0;
			defaultConfigurationName = Release;
		};
		89D997EA24D3550B0051439B /* Build configuration list for PBXNativeTarget "BootCommander" */ = {
			isa = XCConfigurationList;
			buildConfigurations = (
				89D997EB24D3550B0051439B /* Debug */,
				89D997EC24D3550B0051439B /* Release */,
			);
			defaultConfigurationIsVisible = 0;
			defaultConfigurationName = Release;
		};
/* End XCConfigurationList section */
	};
	rootObject = 89D997DB24D3550B0051439B /* Project object */;
}
