// !$*UTF8*$!
{
	archiveVersion = 1;
	classes = {
	};
	objectVersion = 50;
	objects = {

/* Begin PBXBuildFile section */
		891E4D4A24D745F100872217 /* AppDelegate.m in Sources */ = {isa = PBXBuildFile; fileRef = 891E4D4924D745F100872217 /* AppDelegate.m */; };
		891E4D4C24D745F600872217 /* Assets.xcassets in Resources */ = {isa = PBXBuildFile; fileRef = 891E4D4B24D745F600872217 /* Assets.xcassets */; };
		891E4D4F24D745F600872217 /* MainMenu.xib in Resources */ = {isa = PBXBuildFile; fileRef = 891E4D4D24D745F600872217 /* MainMenu.xib */; };
		891E4D5224D745F600872217 /* main.m in Sources */ = {isa = PBXBuildFile; fileRef = 891E4D5124D745F600872217 /* main.m */; };
/* End PBXBuildFile section */

/* Begin PBXFileReference section */
		891E4D4524D745F100872217 /* klanghabitat maintenance.app */ = {isa = PBXFileReference; explicitFileType = wrapper.application; includeInIndex = 0; path = "klanghabitat maintenance.app"; sourceTree = BUILT_PRODUCTS_DIR; };
		891E4D4824D745F100872217 /* AppDelegate.h */ = {isa = PBXFileReference; lastKnownFileType = sourcecode.c.h; path = AppDelegate.h; sourceTree = "<group>"; };
		891E4D4924D745F100872217 /* AppDelegate.m */ = {isa = PBXFileReference; lastKnownFileType = sourcecode.c.objc; path = AppDelegate.m; sourceTree = "<group>"; };
		891E4D4B24D745F600872217 /* Assets.xcassets */ = {isa = PBXFileReference; lastKnownFileType = folder.assetcatalog; path = Assets.xcassets; sourceTree = "<group>"; };
		891E4D4E24D745F600872217 /* Base */ = {isa = PBXFileReference; lastKnownFileType = file.xib; name = Base; path = Base.lproj/MainMenu.xib; sourceTree = "<group>"; };
		891E4D5024D745F600872217 /* Info.plist */ = {isa = PBXFileReference; lastKnownFileType = text.plist.xml; path = Info.plist; sourceTree = "<group>"; };
		891E4D5124D745F600872217 /* main.m */ = {isa = PBXFileReference; lastKnownFileType = sourcecode.c.objc; path = main.m; sourceTree = "<group>"; };
		891E4D5324D745F600872217 /* klanghabitat_maintenance.entitlements */ = {isa = PBXFileReference; lastKnownFileType = text.plist.entitlements; path = klanghabitat_maintenance.entitlements; sourceTree = "<group>"; };
/* End PBXFileReference section */

/* Begin PBXFrameworksBuildPhase section */
		891E4D4224D745F100872217 /* Frameworks */ = {
			isa = PBXFrameworksBuildPhase;
			buildActionMask = 2147483647;
			files = (
			);
			runOnlyForDeploymentPostprocessing = 0;
		};
/* End PBXFrameworksBuildPhase section */

/* Begin PBXGroup section */
		891E4D3C24D745F100872217 = {
			isa = PBXGroup;
			children = (
				891E4D4724D745F100872217 /* klanghabitat maintenance */,
				891E4D4624D745F100872217 /* Products */,
			);
			sourceTree = "<group>";
		};
		891E4D4624D745F100872217 /* Products */ = {
			isa = PBXGroup;
			children = (
				891E4D4524D745F100872217 /* klanghabitat maintenance.app */,
			);
			name = Products;
			sourceTree = "<group>";
		};
		891E4D4724D745F100872217 /* klanghabitat maintenance */ = {
			isa = PBXGroup;
			children = (
				891E4D4824D745F100872217 /* AppDelegate.h */,
				891E4D4924D745F100872217 /* AppDelegate.m */,
				891E4D4B24D745F600872217 /* Assets.xcassets */,
				891E4D4D24D745F600872217 /* MainMenu.xib */,
				891E4D5024D745F600872217 /* Info.plist */,
				891E4D5124D745F600872217 /* main.m */,
				891E4D5324D745F600872217 /* klanghabitat_maintenance.entitlements */,
			);
			path = "klanghabitat maintenance";
			sourceTree = "<group>";
		};
/* End PBXGroup section */

/* Begin PBXNativeTarget section */
		891E4D4424D745F100872217 /* klanghabitat maintenance */ = {
			isa = PBXNativeTarget;
			buildConfigurationList = 891E4D5624D745F600872217 /* Build configuration list for PBXNativeTarget "klanghabitat maintenance" */;
			buildPhases = (
				891E4D4124D745F100872217 /* Sources */,
				891E4D4224D745F100872217 /* Frameworks */,
				891E4D4324D745F100872217 /* Resources */,
			);
			buildRules = (
			);
			dependencies = (
			);
			name = "klanghabitat maintenance";
			productName = "klanghabitat maintenance";
			productReference = 891E4D4524D745F100872217 /* klanghabitat maintenance.app */;
			productType = "com.apple.product-type.application";
		};
/* End PBXNativeTarget section */

/* Begin PBXProject section */
		891E4D3D24D745F100872217 /* Project object */ = {
			isa = PBXProject;
			attributes = {
				LastUpgradeCheck = 1160;
				ORGANIZATIONNAME = klanghabitat;
				TargetAttributes = {
					891E4D4424D745F100872217 = {
						CreatedOnToolsVersion = 11.6;
					};
				};
			};
			buildConfigurationList = 891E4D4024D745F100872217 /* Build configuration list for PBXProject "klanghabitat maintenance" */;
			compatibilityVersion = "Xcode 9.3";
			developmentRegion = en;
			hasScannedForEncodings = 0;
			knownRegions = (
				en,
				Base,
			);
			mainGroup = 891E4D3C24D745F100872217;
			productRefGroup = 891E4D4624D745F100872217 /* Products */;
			projectDirPath = "";
			projectRoot = "";
			targets = (
				891E4D4424D745F100872217 /* klanghabitat maintenance */,
			);
		};
/* End PBXProject section */

/* Begin PBXResourcesBuildPhase section */
		891E4D4324D745F100872217 /* Resources */ = {
			isa = PBXResourcesBuildPhase;
			buildActionMask = 2147483647;
			files = (
				891E4D4C24D745F600872217 /* Assets.xcassets in Resources */,
				891E4D4F24D745F600872217 /* MainMenu.xib in Resources */,
			);
			runOnlyForDeploymentPostprocessing = 0;
		};
/* End PBXResourcesBuildPhase section */

/* Begin PBXSourcesBuildPhase section */
		891E4D4124D745F100872217 /* Sources */ = {
			isa = PBXSourcesBuildPhase;
			buildActionMask = 2147483647;
			files = (
				891E4D5224D745F600872217 /* main.m in Sources */,
				891E4D4A24D745F100872217 /* AppDelegate.m in Sources */,
			);
			runOnlyForDeploymentPostprocessing = 0;
		};
/* End PBXSourcesBuildPhase section */

/* Begin PBXVariantGroup section */
		891E4D4D24D745F600872217 /* MainMenu.xib */ = {
			isa = PBXVariantGroup;
			children = (
				891E4D4E24D745F600872217 /* Base */,
			);
			name = MainMenu.xib;
			sourceTree = "<group>";
		};
/* End PBXVariantGroup section */

/* Begin XCBuildConfiguration section */
		891E4D5424D745F600872217 /* Debug */ = {
			isa = XCBuildConfiguration;
			buildSettings = {
				ALWAYS_SEARCH_USER_PATHS = NO;
				CLANG_ANALYZER_NONNULL = YES;
				CLANG_ANALYZER_NUMBER_OBJECT_CONVERSION = YES_AGGRESSIVE;
				CLANG_CXX_LANGUAGE_STANDARD = "gnu++14";
				CLANG_CXX_LIBRARY = "libc++";
				CLANG_ENABLE_MODULES = YES;
				CLANG_ENABLE_OBJC_ARC = YES;
				CLANG_ENABLE_OBJC_WEAK = YES;
				CLANG_WARN_BLOCK_CAPTURE_AUTORELEASING = YES;
				CLANG_WARN_BOOL_CONVERSION = YES;
				CLANG_WARN_COMMA = YES;
				CLANG_WARN_CONSTANT_CONVERSION = YES;
				CLANG_WARN_DEPRECATED_OBJC_IMPLEMENTATIONS = YES;
				CLANG_WARN_DIRECT_OBJC_ISA_USAGE = YES_ERROR;
				CLANG_WARN_DOCUMENTATION_COMMENTS = YES;
				CLANG_WARN_EMPTY_BODY = YES;
				CLANG_WARN_ENUM_CONVERSION = YES;
				CLANG_WARN_INFINITE_RECURSION = YES;
				CLANG_WARN_INT_CONVERSION = YES;
				CLANG_WARN_NON_LITERAL_NULL_CONVERSION = YES;
				CLANG_WARN_OBJC_IMPLICIT_RETAIN_SELF = YES;
				CLANG_WARN_OBJC_LITERAL_CONVERSION = YES;
				CLANG_WARN_OBJC_ROOT_CLASS = YES_ERROR;
				CLANG_WARN_RANGE_LOOP_ANALYSIS = YES;
				CLANG_WARN_STRICT_PROTOTYPES = YES;
				CLANG_WARN_SUSPICIOUS_MOVE = YES;
				CLANG_WARN_UNGUARDED_AVAILABILITY = YES_AGGRESSIVE;
				CLANG_WARN_UNREACHABLE_CODE = YES;
				CLANG_WARN__DUPLICATE_METHOD_MATCH = YES;
				COPY_PHASE_STRIP = NO;
				DEBUG_INFORMATION_FORMAT = dwarf;
				ENABLE_STRICT_OBJC_MSGSEND = YES;
				ENABLE_TESTABILITY = YES;
				GCC_C_LANGUAGE_STANDARD = gnu11;
				GCC_DYNAMIC_NO_PIC = NO;
				GCC_NO_COMMON_BLOCKS = YES;
				GCC_OPTIMIZATION_LEVEL = 0;
				GCC_PREPROCESSOR_DEFINITIONS = (
					"DEBUG=1",
					"$(inherited)",
				);
				GCC_WARN_64_TO_32_BIT_CONVERSION = YES;
				GCC_WARN_ABOUT_RETURN_TYPE = YES_ERROR;
				GCC_WARN_UNDECLARED_SELECTOR = YES;
				GCC_WARN_UNINITIALIZED_AUTOS = YES_AGGRESSIVE;
				GCC_WARN_UNUSED_FUNCTION = YES;
				GCC_WARN_UNUSED_VARIABLE = YES;
				MACOSX_DEPLOYMENT_TARGET = 10.15;
				MTL_ENABLE_DEBUG_INFO = INCLUDE_SOURCE;
				MTL_FAST_MATH = YES;
				ONLY_ACTIVE_ARCH = YES;
				SDKROOT = macosx;
			};
			name = Debug;
		};
		891E4D5524D745F600872217 /* Release */ = {
			isa = XCBuildConfiguration;
			buildSettings = {
				ALWAYS_SEARCH_USER_PATHS = NO;
				CLANG_ANALYZER_NONNULL = YES;
				CLANG_ANALYZER_NUMBER_OBJECT_CONVERSION = YES_AGGRESSIVE;
				CLANG_CXX_LANGUAGE_STANDARD = "gnu++14";
				CLANG_CXX_LIBRARY = "libc++";
				CLANG_ENABLE_MODULES = YES;
				CLANG_ENABLE_OBJC_ARC = YES;
				CLANG_ENABLE_OBJC_WEAK = YES;
				CLANG_WARN_BLOCK_CAPTURE_AUTORELEASING = YES;
				CLANG_WARN_BOOL_CONVERSION = YES;
				CLANG_WARN_COMMA = YES;
				CLANG_WARN_CONSTANT_CONVERSION = YES;
				CLANG_WARN_DEPRECATED_OBJC_IMPLEMENTATIONS = YES;
				CLANG_WARN_DIRECT_OBJC_ISA_USAGE = YES_ERROR;
				CLANG_WARN_DOCUMENTATION_COMMENTS = YES;
				CLANG_WARN_EMPTY_BODY = YES;
				CLANG_WARN_ENUM_CONVERSION = YES;
				CLANG_WARN_INFINITE_RECURSION = YES;
				CLANG_WARN_INT_CONVERSION = YES;
				CLANG_WARN_NON_LITERAL_NULL_CONVERSION = YES;
				CLANG_WARN_OBJC_IMPLICIT_RETAIN_SELF = YES;
				CLANG_WARN_OBJC_LITERAL_CONVERSION = YES;
				CLANG_WARN_OBJC_ROOT_CLASS = YES_ERROR;
				CLANG_WARN_RANGE_LOOP_ANALYSIS = YES;
				CLANG_WARN_STRICT_PROTOTYPES = YES;
				CLANG_WARN_SUSPICIOUS_MOVE = YES;
				CLANG_WARN_UNGUARDED_AVAILABILITY = YES_AGGRESSIVE;
				CLANG_WARN_UNREACHABLE_CODE = YES;
				CLANG_WARN__DUPLICATE_METHOD_MATCH = YES;
				COPY_PHASE_STRIP = NO;
				DEBUG_INFORMATION_FORMAT = "dwarf-with-dsym";
				ENABLE_NS_ASSERTIONS = NO;
				ENABLE_STRICT_OBJC_MSGSEND = YES;
				GCC_C_LANGUAGE_STANDARD = gnu11;
				GCC_NO_COMMON_BLOCKS = YES;
				GCC_WARN_64_TO_32_BIT_CONVERSION = YES;
				GCC_WARN_ABOUT_RETURN_TYPE = YES_ERROR;
				GCC_WARN_UNDECLARED_SELECTOR = YES;
				GCC_WARN_UNINITIALIZED_AUTOS = YES_AGGRESSIVE;
				GCC_WARN_UNUSED_FUNCTION = YES;
				GCC_WARN_UNUSED_VARIABLE = YES;
				MACOSX_DEPLOYMENT_TARGET = 10.15;
				MTL_ENABLE_DEBUG_INFO = NO;
				MTL_FAST_MATH = YES;
				SDKROOT = macosx;
			};
			name = Release;
		};
		891E4D5724D745F600872217 /* Debug */ = {
			isa = XCBuildConfiguration;
			buildSettings = {
				ASSETCATALOG_COMPILER_APPICON_NAME = AppIcon;
				CODE_SIGN_ENTITLEMENTS = "klanghabitat maintenance/klanghabitat_maintenance.entitlements";
				CODE_SIGN_STYLE = Automatic;
				COMBINE_HIDPI_IMAGES = YES;
				DEVELOPMENT_TEAM = 2AWKP75CVE;
				ENABLE_HARDENED_RUNTIME = YES;
				INFOPLIST_FILE = "klanghabitat maintenance/Info.plist";
				LD_RUNPATH_SEARCH_PATHS = (
					"$(inherited)",
					"@executable_path/../Frameworks",
				);
				PRODUCT_BUNDLE_IDENTIFIER = "de.klanghabitat.klanghabitat-maintenance";
				PRODUCT_NAME = "$(TARGET_NAME)";
			};
			name = Debug;
		};
		891E4D5824D745F600872217 /* Release */ = {
			isa = XCBuildConfiguration;
			buildSettings = {
				ASSETCATALOG_COMPILER_APPICON_NAME = AppIcon;
				CODE_SIGN_ENTITLEMENTS = "klanghabitat maintenance/klanghabitat_maintenance.entitlements";
				CODE_SIGN_STYLE = Automatic;
				COMBINE_HIDPI_IMAGES = YES;
				DEVELOPMENT_TEAM = 2AWKP75CVE;
				ENABLE_HARDENED_RUNTIME = YES;
				INFOPLIST_FILE = "klanghabitat maintenance/Info.plist";
				LD_RUNPATH_SEARCH_PATHS = (
					"$(inherited)",
					"@executable_path/../Frameworks",
				);
				PRODUCT_BUNDLE_IDENTIFIER = "de.klanghabitat.klanghabitat-maintenance";
				PRODUCT_NAME = "$(TARGET_NAME)";
			};
			name = Release;
		};
/* End XCBuildConfiguration section */

/* Begin XCConfigurationList section */
		891E4D4024D745F100872217 /* Build configuration list for PBXProject "klanghabitat maintenance" */ = {
			isa = XCConfigurationList;
			buildConfigurations = (
				891E4D5424D745F600872217 /* Debug */,
				891E4D5524D745F600872217 /* Release */,
			);
			defaultConfigurationIsVisible = 0;
			defaultConfigurationName = Release;
		};
		891E4D5624D745F600872217 /* Build configuration list for PBXNativeTarget "klanghabitat maintenance" */ = {
			isa = XCConfigurationList;
			buildConfigurations = (
				891E4D5724D745F600872217 /* Debug */,
				891E4D5824D745F600872217 /* Release */,
			);
			defaultConfigurationIsVisible = 0;
			defaultConfigurationName = Release;
		};
/* End XCConfigurationList section */
	};
	rootObject = 891E4D3D24D745F100872217 /* Project object */;
}
